// !$*UTF8*$!
{
	archiveVersion = 1;
	classes = {
	};
	objectVersion = 46;
	objects = {

/* Begin PBXBuildFile section */
		0C626D3D484EA5FB87A6AD23 /* ofxXmlSettings.cpp in Sources */ = {isa = PBXBuildFile; fileRef = B63793AAC401CFEE868708F2 /* ofxXmlSettings.cpp */; };
		138C37DFE0DDC7906296029A /* ofxOAuth.cpp in Sources */ = {isa = PBXBuildFile; fileRef = 8974578BD15F5DB003120053 /* ofxOAuth.cpp */; };
		28189DB43CD152201712E778 /* ofxCvHaarFinder.cpp in Sources */ = {isa = PBXBuildFile; fileRef = B12400EDB0EE58FFA423EE0E /* ofxCvHaarFinder.cpp */; };
		28DC652211D4AF8CC023D568 /* tinyxml.cpp in Sources */ = {isa = PBXBuildFile; fileRef = 97E9772CB5B04FB62A872480 /* tinyxml.cpp */; };
		31F73F5D177938EFA1A705EB /* json_value.cpp in Sources */ = {isa = PBXBuildFile; fileRef = C2F40E83B5CA5789F4B9B7CE /* json_value.cpp */; };
		32E2318B89B6217AE6052155 /* tinyxmlparser.cpp in Sources */ = {isa = PBXBuildFile; fileRef = 723AE465948C9C9893893BC8 /* tinyxmlparser.cpp */; };
		40E7CEC62E17A8F6E6A443AE /* ofxCvGrayscaleImage.cpp in Sources */ = {isa = PBXBuildFile; fileRef = 6ADC1729A74FA3C4546C8168 /* ofxCvGrayscaleImage.cpp */; };
		4658A6A134834CAE7045FA19 /* ofxCvFloatImage.cpp in Sources */ = {isa = PBXBuildFile; fileRef = CEC0A65B640729CFBF05911A /* ofxCvFloatImage.cpp */; };
		4927BB9D11FF7F57D3E2B51C /* ofxCvColorImage.cpp in Sources */ = {isa = PBXBuildFile; fileRef = BEA86F93D6BFAC2EE5D9D7C3 /* ofxCvColorImage.cpp */; };
		63512F2008E135A7A3860582 /* ofxCvImage.cpp in Sources */ = {isa = PBXBuildFile; fileRef = D1484D2806E7E5ACEEE55436 /* ofxCvImage.cpp */; };
		6B510B08B3ABDF0145095143 /* ofxJSONElement.cpp in Sources */ = {isa = PBXBuildFile; fileRef = D07F4DACD7E0D6AB3D1B2970 /* ofxJSONElement.cpp */; };
		77385F791172E4320575F365 /* json_reader.cpp in Sources */ = {isa = PBXBuildFile; fileRef = 05DCAA7DA9FA05C812EB1F35 /* json_reader.cpp */; };
		7B402ED651BC0C49EF93DFF3 /* ofxCvContourFinder.cpp in Sources */ = {isa = PBXBuildFile; fileRef = 4A3B118E824B20B86DF7DE58 /* ofxCvContourFinder.cpp */; };
		8B4B7CD3198ADB0E0007BA5B /* Circle.cpp in Sources */ = {isa = PBXBuildFile; fileRef = 8B4B7CD1198ADB0E0007BA5B /* Circle.cpp */; };
		BBAB23CB13894F3D00AA2426 /* GLUT.framework in CopyFiles */ = {isa = PBXBuildFile; fileRef = BBAB23BE13894E4700AA2426 /* GLUT.framework */; };
		C0DC99AB77959455074C3355 /* json_writer.cpp in Sources */ = {isa = PBXBuildFile; fileRef = 9AE09EA3E5E6BC701A07C7EA /* json_writer.cpp */; };
		CA742769775FBF22666EE688 /* ofxTwitter.cpp in Sources */ = {isa = PBXBuildFile; fileRef = ECBE317AD2899DFB138812DF /* ofxTwitter.cpp */; };
		E4328149138ABC9F0047C5CB /* openFrameworksDebug.a in Frameworks */ = {isa = PBXBuildFile; fileRef = E4328148138ABC890047C5CB /* openFrameworksDebug.a */; };
		E45BE97B0E8CC7DD009D7055 /* AGL.framework in Frameworks */ = {isa = PBXBuildFile; fileRef = E45BE9710E8CC7DD009D7055 /* AGL.framework */; };
		E45BE97C0E8CC7DD009D7055 /* ApplicationServices.framework in Frameworks */ = {isa = PBXBuildFile; fileRef = E45BE9720E8CC7DD009D7055 /* ApplicationServices.framework */; };
		E45BE97D0E8CC7DD009D7055 /* AudioToolbox.framework in Frameworks */ = {isa = PBXBuildFile; fileRef = E45BE9730E8CC7DD009D7055 /* AudioToolbox.framework */; };
		E45BE97F0E8CC7DD009D7055 /* CoreAudio.framework in Frameworks */ = {isa = PBXBuildFile; fileRef = E45BE9750E8CC7DD009D7055 /* CoreAudio.framework */; };
		E45BE9800E8CC7DD009D7055 /* CoreFoundation.framework in Frameworks */ = {isa = PBXBuildFile; fileRef = E45BE9760E8CC7DD009D7055 /* CoreFoundation.framework */; };
		E45BE9810E8CC7DD009D7055 /* CoreServices.framework in Frameworks */ = {isa = PBXBuildFile; fileRef = E45BE9770E8CC7DD009D7055 /* CoreServices.framework */; };
		E45BE9830E8CC7DD009D7055 /* OpenGL.framework in Frameworks */ = {isa = PBXBuildFile; fileRef = E45BE9790E8CC7DD009D7055 /* OpenGL.framework */; };
		E45BE9840E8CC7DD009D7055 /* QuickTime.framework in Frameworks */ = {isa = PBXBuildFile; fileRef = E45BE97A0E8CC7DD009D7055 /* QuickTime.framework */; };
		E4B69E200A3A1BDC003C02F2 /* main.cpp in Sources */ = {isa = PBXBuildFile; fileRef = E4B69E1D0A3A1BDC003C02F2 /* main.cpp */; };
		E4B69E210A3A1BDC003C02F2 /* ofApp.cpp in Sources */ = {isa = PBXBuildFile; fileRef = E4B69E1E0A3A1BDC003C02F2 /* ofApp.cpp */; };
		E4C2424710CC5A17004149E2 /* AppKit.framework in Frameworks */ = {isa = PBXBuildFile; fileRef = E4C2424410CC5A17004149E2 /* AppKit.framework */; };
		E4C2424810CC5A17004149E2 /* Cocoa.framework in Frameworks */ = {isa = PBXBuildFile; fileRef = E4C2424510CC5A17004149E2 /* Cocoa.framework */; };
		E4C2424910CC5A17004149E2 /* IOKit.framework in Frameworks */ = {isa = PBXBuildFile; fileRef = E4C2424610CC5A17004149E2 /* IOKit.framework */; };
		E4EB6799138ADC1D00A09F29 /* GLUT.framework in Frameworks */ = {isa = PBXBuildFile; fileRef = BBAB23BE13894E4700AA2426 /* GLUT.framework */; };
		E7E077E515D3B63C0020DFD4 /* CoreVideo.framework in Frameworks */ = {isa = PBXBuildFile; fileRef = E7E077E415D3B63C0020DFD4 /* CoreVideo.framework */; };
		E7E077E815D3B6510020DFD4 /* QTKit.framework in Frameworks */ = {isa = PBXBuildFile; fileRef = E7E077E715D3B6510020DFD4 /* QTKit.framework */; };
		E7F985F815E0DEA3003869B5 /* Accelerate.framework in Frameworks */ = {isa = PBXBuildFile; fileRef = E7F985F515E0DE99003869B5 /* Accelerate.framework */; };
		F877D69532909AE487E0EF22 /* tinyxmlerror.cpp in Sources */ = {isa = PBXBuildFile; fileRef = 572960DD09FAC11DCF63ED27 /* tinyxmlerror.cpp */; };
		FEE13C3059BFBFB576FCBAF7 /* ofxCvShortImage.cpp in Sources */ = {isa = PBXBuildFile; fileRef = B647C46D3728CF38EDFC625B /* ofxCvShortImage.cpp */; };
/* End PBXBuildFile section */

/* Begin PBXContainerItemProxy section */
		E4328147138ABC890047C5CB /* PBXContainerItemProxy */ = {
			isa = PBXContainerItemProxy;
			containerPortal = E4328143138ABC890047C5CB /* openFrameworksLib.xcodeproj */;
			proxyType = 2;
			remoteGlobalIDString = E4B27C1510CBEB8E00536013;
			remoteInfo = openFrameworks;
		};
		E4EEB9AB138B136A00A80321 /* PBXContainerItemProxy */ = {
			isa = PBXContainerItemProxy;
			containerPortal = E4328143138ABC890047C5CB /* openFrameworksLib.xcodeproj */;
			proxyType = 1;
			remoteGlobalIDString = E4B27C1410CBEB8E00536013;
			remoteInfo = openFrameworks;
		};
/* End PBXContainerItemProxy section */

/* Begin PBXCopyFilesBuildPhase section */
		E4C2427710CC5ABF004149E2 /* CopyFiles */ = {
			isa = PBXCopyFilesBuildPhase;
			buildActionMask = 2147483647;
			dstPath = "";
			dstSubfolderSpec = 10;
			files = (
				BBAB23CB13894F3D00AA2426 /* GLUT.framework in CopyFiles */,
			);
			runOnlyForDeploymentPostprocessing = 0;
		};
/* End PBXCopyFilesBuildPhase section */

/* Begin PBXFileReference section */
		014EB235B442BDC154E2B4D9 /* cvaux.h */ = {isa = PBXFileReference; explicitFileType = sourcecode.c.h; fileEncoding = 30; name = cvaux.h; path = ../../addons/ofxOpenCv/libs/opencv/include/opencv/cvaux.h; sourceTree = SOURCE_ROOT; };
		02248182416165E37BF8B6D3 /* dist.h */ = {isa = PBXFileReference; explicitFileType = sourcecode.c.h; fileEncoding = 30; name = dist.h; path = ../../addons/ofxOpenCv/libs/opencv/include/opencv2/flann/dist.h; sourceTree = SOURCE_ROOT; };
		0471EAB9E74A15026488D972 /* features2d.hpp */ = {isa = PBXFileReference; explicitFileType = sourcecode.c.h; fileEncoding = 30; name = features2d.hpp; path = ../../addons/ofxOpenCv/libs/opencv/include/opencv2/features2d/features2d.hpp; sourceTree = SOURCE_ROOT; };
		05DCAA7DA9FA05C812EB1F35 /* json_reader.cpp */ = {isa = PBXFileReference; explicitFileType = sourcecode.cpp.cpp; fileEncoding = 30; name = json_reader.cpp; path = ../../addons/ofxJSON/libs/jsoncpp/src/json_reader.cpp; sourceTree = SOURCE_ROOT; };
		09DF232742611E8F9441A2B9 /* ofxOpenCv.h */ = {isa = PBXFileReference; explicitFileType = sourcecode.c.h; fileEncoding = 30; name = ofxOpenCv.h; path = ../../addons/ofxOpenCv/src/ofxOpenCv.h; sourceTree = SOURCE_ROOT; };
		0BA42DDBB9751C02BBDD8A98 /* stdcheaders.h */ = {isa = PBXFileReference; explicitFileType = sourcecode.c.h; fileEncoding = 30; name = stdcheaders.h; path = ../../addons/ofxOAuth/libs/libcurl/include/curl/stdcheaders.h; sourceTree = SOURCE_ROOT; };
		0D6081D94E2B01A410FBF701 /* cxcore.h */ = {isa = PBXFileReference; explicitFileType = sourcecode.c.h; fileEncoding = 30; name = cxcore.h; path = ../../addons/ofxOpenCv/libs/opencv/include/opencv/cxcore.h; sourceTree = SOURCE_ROOT; };
		0F8287467456A6632713E15B /* legacy.hpp */ = {isa = PBXFileReference; explicitFileType = sourcecode.c.h; fileEncoding = 30; name = legacy.hpp; path = ../../addons/ofxOpenCv/libs/opencv/include/opencv2/legacy/legacy.hpp; sourceTree = SOURCE_ROOT; };
		1350013DA40531B8193E8922 /* reader.h */ = {isa = PBXFileReference; explicitFileType = sourcecode.c.h; fileEncoding = 30; name = reader.h; path = ../../addons/ofxJSON/libs/jsoncpp/include/json/reader.h; sourceTree = SOURCE_ROOT; };
		149EC2D5803444BC98F68EA7 /* hierarchical_clustering_index.h */ = {isa = PBXFileReference; explicitFileType = sourcecode.c.h; fileEncoding = 30; name = hierarchical_clustering_index.h; path = ../../addons/ofxOpenCv/libs/opencv/include/opencv2/flann/hierarchical_clustering_index.h; sourceTree = SOURCE_ROOT; };
		16C42549454E205E4A4248D2 /* gpu.hpp */ = {isa = PBXFileReference; explicitFileType = sourcecode.c.h; fileEncoding = 30; name = gpu.hpp; path = ../../addons/ofxOpenCv/libs/opencv/include/opencv2/gpu/gpu.hpp; sourceTree = SOURCE_ROOT; };
		17964CEE60E51DCFA80FE3FF /* calib3d.hpp */ = {isa = PBXFileReference; explicitFileType = sourcecode.c.h; fileEncoding = 30; name = calib3d.hpp; path = ../../addons/ofxOpenCv/libs/opencv/include/opencv2/calib3d/calib3d.hpp; sourceTree = SOURCE_ROOT; };
		189C2C29EB8896D8476CA771 /* index_testing.h */ = {isa = PBXFileReference; explicitFileType = sourcecode.c.h; fileEncoding = 30; name = index_testing.h; path = ../../addons/ofxOpenCv/libs/opencv/include/opencv2/flann/index_testing.h; sourceTree = SOURCE_ROOT; };
		1A5BD1A56E2B04BD6C212A63 /* dynamic_bitset.h */ = {isa = PBXFileReference; explicitFileType = sourcecode.c.h; fileEncoding = 30; name = dynamic_bitset.h; path = ../../addons/ofxOpenCv/libs/opencv/include/opencv2/flann/dynamic_bitset.h; sourceTree = SOURCE_ROOT; };
		1ABCA16BEF1B784BC11B6396 /* ofxJSONElement.h */ = {isa = PBXFileReference; explicitFileType = sourcecode.c.h; fileEncoding = 30; name = ofxJSONElement.h; path = ../../addons/ofxJSON/src/ofxJSONElement.h; sourceTree = SOURCE_ROOT; };
		217416037D6BECCA57032287 /* types_c.h */ = {isa = PBXFileReference; explicitFileType = sourcecode.c.h; fileEncoding = 30; name = types_c.h; path = ../../addons/ofxOpenCv/libs/opencv/include/opencv2/imgproc/types_c.h; sourceTree = SOURCE_ROOT; };
		236E08D304C8C1F4EFD3620C /* ofxCvFloatImage.h */ = {isa = PBXFileReference; explicitFileType = sourcecode.c.h; fileEncoding = 30; name = ofxCvFloatImage.h; path = ../../addons/ofxOpenCv/src/ofxCvFloatImage.h; sourceTree = SOURCE_ROOT; };
		27A7289F048F859882DC4543 /* forwards.h */ = {isa = PBXFileReference; explicitFileType = sourcecode.c.h; fileEncoding = 30; name = forwards.h; path = ../../addons/ofxJSON/libs/jsoncpp/include/json/forwards.h; sourceTree = SOURCE_ROOT; };
		2A607BDC0F2A17EC184D8D62 /* ofxXmlSettings.h */ = {isa = PBXFileReference; explicitFileType = sourcecode.c.h; fileEncoding = 30; name = ofxXmlSettings.h; path = ../../addons/ofxXmlSettings/src/ofxXmlSettings.h; sourceTree = SOURCE_ROOT; };
		2B61A2D69530C86CFBE2CB65 /* ts_gtest.h */ = {isa = PBXFileReference; explicitFileType = sourcecode.c.h; fileEncoding = 30; name = ts_gtest.h; path = ../../addons/ofxOpenCv/libs/opencv/include/opencv2/ts/ts_gtest.h; sourceTree = SOURCE_ROOT; };
		2BBA11627E73633AC56D854F /* imgproc.hpp */ = {isa = PBXFileReference; explicitFileType = sourcecode.c.h; fileEncoding = 30; name = imgproc.hpp; path = ../../addons/ofxOpenCv/libs/opencv/include/opencv2/imgproc/imgproc.hpp; sourceTree = SOURCE_ROOT; };
		2E60D09E7C352EE54EDEBB1A /* wimage.hpp */ = {isa = PBXFileReference; explicitFileType = sourcecode.c.h; fileEncoding = 30; name = wimage.hpp; path = ../../addons/ofxOpenCv/libs/opencv/include/opencv2/core/wimage.hpp; sourceTree = SOURCE_ROOT; };
		2F3714ED9FA28845B6C06ED7 /* kdtree_single_index.h */ = {isa = PBXFileReference; explicitFileType = sourcecode.c.h; fileEncoding = 30; name = kdtree_single_index.h; path = ../../addons/ofxOpenCv/libs/opencv/include/opencv2/flann/kdtree_single_index.h; sourceTree = SOURCE_ROOT; };
		2F6A7D3BF4694D651E3F3B70 /* flann_base.hpp */ = {isa = PBXFileReference; explicitFileType = sourcecode.c.h; fileEncoding = 30; name = flann_base.hpp; path = ../../addons/ofxOpenCv/libs/opencv/include/opencv2/flann/flann_base.hpp; sourceTree = SOURCE_ROOT; };
		2F92FA578B5EAEB49229F4EF /* ofxCvConstants.h */ = {isa = PBXFileReference; explicitFileType = sourcecode.c.h; fileEncoding = 30; name = ofxCvConstants.h; path = ../../addons/ofxOpenCv/src/ofxCvConstants.h; sourceTree = SOURCE_ROOT; };
		307149AFFC2C2950B9990326 /* ofxCvColorImage.h */ = {isa = PBXFileReference; explicitFileType = sourcecode.c.h; fileEncoding = 30; name = ofxCvColorImage.h; path = ../../addons/ofxOpenCv/src/ofxCvColorImage.h; sourceTree = SOURCE_ROOT; };
		328D3F9EC72E83441FBB1964 /* cxcore.hpp */ = {isa = PBXFileReference; explicitFileType = sourcecode.c.h; fileEncoding = 30; name = cxcore.hpp; path = ../../addons/ofxOpenCv/libs/opencv/include/opencv/cxcore.hpp; sourceTree = SOURCE_ROOT; };
		37565F9A6A9BAB83933F9F09 /* retina.hpp */ = {isa = PBXFileReference; explicitFileType = sourcecode.c.h; fileEncoding = 30; name = retina.hpp; path = ../../addons/ofxOpenCv/libs/opencv/include/opencv2/contrib/retina.hpp; sourceTree = SOURCE_ROOT; };
		377DC4911D8323C5BCDE358C /* object_factory.h */ = {isa = PBXFileReference; explicitFileType = sourcecode.c.h; fileEncoding = 30; name = object_factory.h; path = ../../addons/ofxOpenCv/libs/opencv/include/opencv2/flann/object_factory.h; sourceTree = SOURCE_ROOT; };
		3C2E2D712302594BA928C908 /* cvaux.hpp */ = {isa = PBXFileReference; explicitFileType = sourcecode.c.h; fileEncoding = 30; name = cvaux.hpp; path = ../../addons/ofxOpenCv/libs/opencv/include/opencv/cvaux.hpp; sourceTree = SOURCE_ROOT; };
		3CC741100B92BDA61AE0539B /* lsh_index.h */ = {isa = PBXFileReference; explicitFileType = sourcecode.c.h; fileEncoding = 30; name = lsh_index.h; path = ../../addons/ofxOpenCv/libs/opencv/include/opencv2/flann/lsh_index.h; sourceTree = SOURCE_ROOT; };
		3CF911870940E533C72C5C3D /* defines.h */ = {isa = PBXFileReference; explicitFileType = sourcecode.c.h; fileEncoding = 30; name = defines.h; path = ../../addons/ofxOpenCv/libs/opencv/include/opencv2/flann/defines.h; sourceTree = SOURCE_ROOT; };
		40FA6EB56122C95578919F5E /* any.h */ = {isa = PBXFileReference; explicitFileType = sourcecode.c.h; fileEncoding = 30; name = any.h; path = ../../addons/ofxOpenCv/libs/opencv/include/opencv2/flann/any.h; sourceTree = SOURCE_ROOT; };
		4144FB0C3ECE2DEF836458C5 /* ofxCvShortImage.h */ = {isa = PBXFileReference; explicitFileType = sourcecode.c.h; fileEncoding = 30; name = ofxCvShortImage.h; path = ../../addons/ofxOpenCv/src/ofxCvShortImage.h; sourceTree = SOURCE_ROOT; };
		427E339F3028FB9BD2583091 /* sampling.h */ = {isa = PBXFileReference; explicitFileType = sourcecode.c.h; fileEncoding = 30; name = sampling.h; path = ../../addons/ofxOpenCv/libs/opencv/include/opencv2/flann/sampling.h; sourceTree = SOURCE_ROOT; };
		4290CF699587C21860622709 /* linear_index.h */ = {isa = PBXFileReference; explicitFileType = sourcecode.c.h; fileEncoding = 30; name = linear_index.h; path = ../../addons/ofxOpenCv/libs/opencv/include/opencv2/flann/linear_index.h; sourceTree = SOURCE_ROOT; };
		4544758CCDE8420309DFAB7E /* miniflann.hpp */ = {isa = PBXFileReference; explicitFileType = sourcecode.c.h; fileEncoding = 30; name = miniflann.hpp; path = ../../addons/ofxOpenCv/libs/opencv/include/opencv2/flann/miniflann.hpp; sourceTree = SOURCE_ROOT; };
		45880FFA3231CAA0144404DB /* matrix_operations.hpp */ = {isa = PBXFileReference; explicitFileType = sourcecode.c.h; fileEncoding = 30; name = matrix_operations.hpp; path = ../../addons/ofxOpenCv/libs/opencv/include/opencv2/gpu/matrix_operations.hpp; sourceTree = SOURCE_ROOT; };
		45D49736071DB45A364FA8FF /* ofxTwitter.h */ = {isa = PBXFileReference; explicitFileType = sourcecode.c.h; fileEncoding = 30; name = ofxTwitter.h; path = ../../addons/ofxTwitter/src/ofxTwitter.h; sourceTree = SOURCE_ROOT; };
		4783972A174D4413B88F8AFD /* background_segm.hpp */ = {isa = PBXFileReference; explicitFileType = sourcecode.c.h; fileEncoding = 30; name = background_segm.hpp; path = ../../addons/ofxOpenCv/libs/opencv/include/opencv2/video/background_segm.hpp; sourceTree = SOURCE_ROOT; };
		48213A907638718C4206147B /* gpumat.hpp */ = {isa = PBXFileReference; explicitFileType = sourcecode.c.h; fileEncoding = 30; name = gpumat.hpp; path = ../../addons/ofxOpenCv/libs/opencv/include/opencv2/gpu/gpumat.hpp; sourceTree = SOURCE_ROOT; };
		4A3B118E824B20B86DF7DE58 /* ofxCvContourFinder.cpp */ = {isa = PBXFileReference; explicitFileType = sourcecode.cpp.cpp; fileEncoding = 30; name = ofxCvContourFinder.cpp; path = ../../addons/ofxOpenCv/src/ofxCvContourFinder.cpp; sourceTree = SOURCE_ROOT; };
		4B6505ED9C6446DF9FB6AE8A /* stream_accessor.hpp */ = {isa = PBXFileReference; explicitFileType = sourcecode.c.h; fileEncoding = 30; name = stream_accessor.hpp; path = ../../addons/ofxOpenCv/libs/opencv/include/opencv2/gpu/stream_accessor.hpp; sourceTree = SOURCE_ROOT; };
		4D05A05EE7260048569D1077 /* ofxCvBlob.h */ = {isa = PBXFileReference; explicitFileType = sourcecode.c.h; fileEncoding = 30; name = ofxCvBlob.h; path = ../../addons/ofxOpenCv/src/ofxCvBlob.h; sourceTree = SOURCE_ROOT; };
		4D2B970F7E2D8AB7F8A28736 /* types_c.h */ = {isa = PBXFileReference; explicitFileType = sourcecode.c.h; fileEncoding = 30; name = types_c.h; path = ../../addons/ofxOpenCv/libs/opencv/include/opencv2/core/types_c.h; sourceTree = SOURCE_ROOT; };
		4F2523686D5C62AE6A908D37 /* autotuned_index.h */ = {isa = PBXFileReference; explicitFileType = sourcecode.c.h; fileEncoding = 30; name = autotuned_index.h; path = ../../addons/ofxOpenCv/libs/opencv/include/opencv2/flann/autotuned_index.h; sourceTree = SOURCE_ROOT; };
		4F9551C3FBF848DF89031F48 /* allocator.h */ = {isa = PBXFileReference; explicitFileType = sourcecode.c.h; fileEncoding = 30; name = allocator.h; path = ../../addons/ofxOpenCv/libs/opencv/include/opencv2/flann/allocator.h; sourceTree = SOURCE_ROOT; };
		52834C64AF7721A211C58259 /* ofxTwitterTweet.h */ = {isa = PBXFileReference; explicitFileType = sourcecode.c.h; fileEncoding = 30; name = ofxTwitterTweet.h; path = ../../addons/ofxTwitter/src/ofxTwitterTweet.h; sourceTree = SOURCE_ROOT; };
		5407F19529431F450711B886 /* json.h */ = {isa = PBXFileReference; explicitFileType = sourcecode.c.h; fileEncoding = 30; name = json.h; path = ../../addons/ofxJSON/libs/jsoncpp/include/json/json.h; sourceTree = SOURCE_ROOT; };
		547A933DA9D18C873D986A2B /* operations.hpp */ = {isa = PBXFileReference; explicitFileType = sourcecode.c.h; fileEncoding = 30; name = operations.hpp; path = ../../addons/ofxOpenCv/libs/opencv/include/opencv2/core/operations.hpp; sourceTree = SOURCE_ROOT; };
		572960DD09FAC11DCF63ED27 /* tinyxmlerror.cpp */ = {isa = PBXFileReference; explicitFileType = sourcecode.cpp.cpp; fileEncoding = 30; name = tinyxmlerror.cpp; path = ../../addons/ofxXmlSettings/libs/tinyxmlerror.cpp; sourceTree = SOURCE_ROOT; };
		59E7025DD3988EC444200EEE /* matrix.h */ = {isa = PBXFileReference; explicitFileType = sourcecode.c.h; fileEncoding = 30; name = matrix.h; path = ../../addons/ofxOpenCv/libs/opencv/include/opencv2/flann/matrix.h; sourceTree = SOURCE_ROOT; };
		5E2C01037B2F00082E96739A /* typecheck-gcc.h */ = {isa = PBXFileReference; explicitFileType = sourcecode.c.h; fileEncoding = 30; name = "typecheck-gcc.h"; path = "../../addons/ofxOAuth/libs/libcurl/include/curl/typecheck-gcc.h"; sourceTree = SOURCE_ROOT; };
		5E3DC78BDF18B305E356514A /* random.h */ = {isa = PBXFileReference; explicitFileType = sourcecode.c.h; fileEncoding = 30; name = random.h; path = ../../addons/ofxOpenCv/libs/opencv/include/opencv2/flann/random.h; sourceTree = SOURCE_ROOT; };
		5EC47C2AA32281D0EA6D9907 /* saving.h */ = {isa = PBXFileReference; explicitFileType = sourcecode.c.h; fileEncoding = 30; name = saving.h; path = ../../addons/ofxOpenCv/libs/opencv/include/opencv2/flann/saving.h; sourceTree = SOURCE_ROOT; };
		6020EFE3823536ED74C54269 /* ofxOAuth.h */ = {isa = PBXFileReference; explicitFileType = sourcecode.c.h; fileEncoding = 30; name = ofxOAuth.h; path = ../../addons/ofxOAuth/src/ofxOAuth.h; sourceTree = SOURCE_ROOT; };
		618B64D7C2E70ECDD77AB6A2 /* ofxOAuthVerifierCallbackInterface.h */ = {isa = PBXFileReference; explicitFileType = sourcecode.c.h; fileEncoding = 30; name = ofxOAuthVerifierCallbackInterface.h; path = ../../addons/ofxOAuth/src/ofxOAuthVerifierCallbackInterface.h; sourceTree = SOURCE_ROOT; };
		61A5B33855D5C2C5B5B006E8 /* autolink.h */ = {isa = PBXFileReference; explicitFileType = sourcecode.c.h; fileEncoding = 30; name = autolink.h; path = ../../addons/ofxJSON/libs/jsoncpp/include/json/autolink.h; sourceTree = SOURCE_ROOT; };
		672736C0736BCC9CDBCB8ECD /* curlbuild.h */ = {isa = PBXFileReference; explicitFileType = sourcecode.c.h; fileEncoding = 30; name = curlbuild.h; path = ../../addons/ofxOAuth/libs/libcurl/include/curl/curlbuild.h; sourceTree = SOURCE_ROOT; };
		67CE0E2DA0EC1102C4538AE7 /* easy.h */ = {isa = PBXFileReference; explicitFileType = sourcecode.c.h; fileEncoding = 30; name = easy.h; path = ../../addons/ofxOAuth/libs/libcurl/include/curl/easy.h; sourceTree = SOURCE_ROOT; };
		67DC64ADF8E00E1888BFF187 /* tinyxml.h */ = {isa = PBXFileReference; explicitFileType = sourcecode.c.h; fileEncoding = 30; name = tinyxml.h; path = ../../addons/ofxXmlSettings/libs/tinyxml.h; sourceTree = SOURCE_ROOT; };
		688CF4088F807990CBF982F4 /* cv.hpp */ = {isa = PBXFileReference; explicitFileType = sourcecode.c.h; fileEncoding = 30; name = cv.hpp; path = ../../addons/ofxOpenCv/libs/opencv/include/opencv/cv.hpp; sourceTree = SOURCE_ROOT; };
		6ADC1729A74FA3C4546C8168 /* ofxCvGrayscaleImage.cpp */ = {isa = PBXFileReference; explicitFileType = sourcecode.cpp.cpp; fileEncoding = 30; name = ofxCvGrayscaleImage.cpp; path = ../../addons/ofxOpenCv/src/ofxCvGrayscaleImage.cpp; sourceTree = SOURCE_ROOT; };
		6ADD271F71E5CF8161B45109 /* logger.h */ = {isa = PBXFileReference; explicitFileType = sourcecode.c.h; fileEncoding = 30; name = logger.h; path = ../../addons/ofxOpenCv/libs/opencv/include/opencv2/flann/logger.h; sourceTree = SOURCE_ROOT; };
		6FBC3793A02D17DBABD222BF /* oauth.h */ = {isa = PBXFileReference; explicitFileType = sourcecode.c.h; fileEncoding = 30; name = oauth.h; path = ../../addons/ofxOAuth/libs/liboauth/include/oauth.h; sourceTree = SOURCE_ROOT; };
		723AE465948C9C9893893BC8 /* tinyxmlparser.cpp */ = {isa = PBXFileReference; explicitFileType = sourcecode.cpp.cpp; fileEncoding = 30; name = tinyxmlparser.cpp; path = ../../addons/ofxXmlSettings/libs/tinyxmlparser.cpp; sourceTree = SOURCE_ROOT; };
		72B09CED9EDEB5AF9DE0104C /* ml.h */ = {isa = PBXFileReference; explicitFileType = sourcecode.c.h; fileEncoding = 30; name = ml.h; path = ../../addons/ofxOpenCv/libs/opencv/include/opencv/ml.h; sourceTree = SOURCE_ROOT; };
		739B26286FE49235D3754BC0 /* kdtree_index.h */ = {isa = PBXFileReference; explicitFileType = sourcecode.c.h; fileEncoding = 30; name = kdtree_index.h; path = ../../addons/ofxOpenCv/libs/opencv/include/opencv2/flann/kdtree_index.h; sourceTree = SOURCE_ROOT; };
		739B590F36A65960E3395C26 /* ofxTwitterConfig.h */ = {isa = PBXFileReference; explicitFileType = sourcecode.c.h; fileEncoding = 30; name = ofxTwitterConfig.h; path = ../../addons/ofxTwitter/src/ofxTwitterConfig.h; sourceTree = SOURCE_ROOT; };
		73D2DFC7194C57675EC63F0E /* streams.hpp */ = {isa = PBXFileReference; explicitFileType = sourcecode.c.h; fileEncoding = 30; name = streams.hpp; path = ../../addons/ofxOpenCv/libs/opencv/include/opencv2/legacy/streams.hpp; sourceTree = SOURCE_ROOT; };
		7580327005E2ED2C282261D4 /* objdetect.hpp */ = {isa = PBXFileReference; explicitFileType = sourcecode.c.h; fileEncoding = 30; name = objdetect.hpp; path = ../../addons/ofxOpenCv/libs/opencv/include/opencv2/objdetect/objdetect.hpp; sourceTree = SOURCE_ROOT; };
		77C5804FE62B44A0DAAD80AE /* ofxCvGrayscaleImage.h */ = {isa = PBXFileReference; explicitFileType = sourcecode.c.h; fileEncoding = 30; name = ofxCvGrayscaleImage.h; path = ../../addons/ofxOpenCv/src/ofxCvGrayscaleImage.h; sourceTree = SOURCE_ROOT; };
		79294254C5A26639AA565C63 /* devmem2d.hpp */ = {isa = PBXFileReference; explicitFileType = sourcecode.c.h; fileEncoding = 30; name = devmem2d.hpp; path = ../../addons/ofxOpenCv/libs/opencv/include/opencv2/gpu/devmem2d.hpp; sourceTree = SOURCE_ROOT; };
		797A8282101F29D144C57B64 /* core_c.h */ = {isa = PBXFileReference; explicitFileType = sourcecode.c.h; fileEncoding = 30; name = core_c.h; path = ../../addons/ofxOpenCv/libs/opencv/include/opencv2/core/core_c.h; sourceTree = SOURCE_ROOT; };
		7CBAFE14EAD5C6506536059C /* value.h */ = {isa = PBXFileReference; explicitFileType = sourcecode.c.h; fileEncoding = 30; name = value.h; path = ../../addons/ofxJSON/libs/jsoncpp/include/json/value.h; sourceTree = SOURCE_ROOT; };
		7DBFDBDB76046177350612D2 /* tracking.hpp */ = {isa = PBXFileReference; explicitFileType = sourcecode.c.h; fileEncoding = 30; name = tracking.hpp; path = ../../addons/ofxOpenCv/libs/opencv/include/opencv2/video/tracking.hpp; sourceTree = SOURCE_ROOT; };
		85B3C7B86B76F0358F049F64 /* opencv.hpp */ = {isa = PBXFileReference; explicitFileType = sourcecode.c.h; fileEncoding = 30; name = opencv.hpp; path = ../../addons/ofxOpenCv/libs/opencv/include/opencv2/opencv.hpp; sourceTree = SOURCE_ROOT; };
		875DFFD0B7EF7D7F1DE6783C /* all_indices.h */ = {isa = PBXFileReference; explicitFileType = sourcecode.c.h; fileEncoding = 30; name = all_indices.h; path = ../../addons/ofxOpenCv/libs/opencv/include/opencv2/flann/all_indices.h; sourceTree = SOURCE_ROOT; };
		87751526F77A8D5EC09568D1 /* curlver.h */ = {isa = PBXFileReference; explicitFileType = sourcecode.c.h; fileEncoding = 30; name = curlver.h; path = ../../addons/ofxOAuth/libs/libcurl/include/curl/curlver.h; sourceTree = SOURCE_ROOT; };
		8974578BD15F5DB003120053 /* ofxOAuth.cpp */ = {isa = PBXFileReference; explicitFileType = sourcecode.cpp.cpp; fileEncoding = 30; name = ofxOAuth.cpp; path = ../../addons/ofxOAuth/src/ofxOAuth.cpp; sourceTree = SOURCE_ROOT; };
		8B4B7CB9198ADB030007BA5B /* AirDraw.app */ = {isa = PBXFileReference; lastKnownFileType = wrapper.application; path = AirDraw.app; sourceTree = "<group>"; };
		8B4B7CBA198ADB030007BA5B /* AirDrawDebug.app */ = {isa = PBXFileReference; lastKnownFileType = wrapper.application; path = AirDrawDebug.app; sourceTree = "<group>"; };
		8B4B7CBC198ADB030007BA5B /* .gitkeep */ = {isa = PBXFileReference; fileEncoding = 4; lastKnownFileType = text; path = .gitkeep; sourceTree = "<group>"; };
		8B4B7CBD198ADB030007BA5B /* eye.png */ = {isa = PBXFileReference; lastKnownFileType = image.png; path = eye.png; sourceTree = "<group>"; };
		8B4B7CBE198ADB030007BA5B /* eyes.xml */ = {isa = PBXFileReference; fileEncoding = 4; lastKnownFileType = text.xml; path = eyes.xml; sourceTree = "<group>"; };
		8B4B7CBF198ADB030007BA5B /* fist.xml */ = {isa = PBXFileReference; fileEncoding = 4; lastKnownFileType = text.xml; path = fist.xml; sourceTree = "<group>"; };
		8B4B7CC0198ADB030007BA5B /* haarcascade_eye.xml */ = {isa = PBXFileReference; fileEncoding = 4; lastKnownFileType = text.xml; path = haarcascade_eye.xml; sourceTree = "<group>"; };
		8B4B7CC1198ADB030007BA5B /* haarcascade_eyeglasses.xml */ = {isa = PBXFileReference; fileEncoding = 4; lastKnownFileType = text.xml; path = haarcascade_eyeglasses.xml; sourceTree = "<group>"; };
		8B4B7CC2198ADB030007BA5B /* haarcascade_frontalface_alt.xml */ = {isa = PBXFileReference; fileEncoding = 4; lastKnownFileType = text.xml; path = haarcascade_frontalface_alt.xml; sourceTree = "<group>"; };
		8B4B7CC3198ADB030007BA5B /* haarcascade_frontalface_alt2.xml */ = {isa = PBXFileReference; fileEncoding = 4; lastKnownFileType = text.xml; path = haarcascade_frontalface_alt2.xml; sourceTree = "<group>"; };
		8B4B7CC4198ADB030007BA5B /* haarcascade_frontalface_default.xml */ = {isa = PBXFileReference; fileEncoding = 4; lastKnownFileType = text.xml; path = haarcascade_frontalface_default.xml; sourceTree = "<group>"; };
		8B4B7CC5198ADB030007BA5B /* haarcascade_mcs_nose.xml */ = {isa = PBXFileReference; fileEncoding = 4; lastKnownFileType = text.xml; path = haarcascade_mcs_nose.xml; sourceTree = "<group>"; };
		8B4B7CC6198ADB030007BA5B /* haarcascade_mcs_righteye_alt.xml */ = {isa = PBXFileReference; fileEncoding = 4; lastKnownFileType = text.xml; path = haarcascade_mcs_righteye_alt.xml; sourceTree = "<group>"; };
		8B4B7CC7198ADB030007BA5B /* haarcascade_righteye_2splits.xml */ = {isa = PBXFileReference; fileEncoding = 4; lastKnownFileType = text.xml; path = haarcascade_righteye_2splits.xml; sourceTree = "<group>"; };
		8B4B7CC8198ADB030007BA5B /* hand.xml */ = {isa = PBXFileReference; fileEncoding = 4; lastKnownFileType = text.xml; path = hand.xml; sourceTree = "<group>"; };
		8B4B7CC9198ADB030007BA5B /* left_eye.xml */ = {isa = PBXFileReference; fileEncoding = 4; lastKnownFileType = text.xml; path = left_eye.xml; sourceTree = "<group>"; };
		8B4B7CCA198ADB030007BA5B /* mouth.xml */ = {isa = PBXFileReference; fileEncoding = 4; lastKnownFileType = text.xml; path = mouth.xml; sourceTree = "<group>"; };
		8B4B7CCB198ADB030007BA5B /* nose.xml */ = {isa = PBXFileReference; fileEncoding = 4; lastKnownFileType = text.xml; path = nose.xml; sourceTree = "<group>"; };
		8B4B7CCC198ADB030007BA5B /* palm.xml */ = {isa = PBXFileReference; fileEncoding = 4; lastKnownFileType = text.xml; path = palm.xml; sourceTree = "<group>"; };
		8B4B7CCD198ADB030007BA5B /* right_eye.xml */ = {isa = PBXFileReference; fileEncoding = 4; lastKnownFileType = text.xml; path = right_eye.xml; sourceTree = "<group>"; };
		8B4B7CCE198ADB030007BA5B /* test.jpg */ = {isa = PBXFileReference; lastKnownFileType = image.jpeg; path = test.jpg; sourceTree = "<group>"; };
		8B4B7CCF198ADB030007BA5B /* ThemeFromShaft.mov */ = {isa = PBXFileReference; lastKnownFileType = video.quicktime; path = ThemeFromShaft.mov; sourceTree = "<group>"; };
		8B4B7CD0198ADB030007BA5B /* verdana.ttf */ = {isa = PBXFileReference; lastKnownFileType = file; path = verdana.ttf; sourceTree = "<group>"; };
		8B4B7CD1198ADB0E0007BA5B /* Circle.cpp */ = {isa = PBXFileReference; fileEncoding = 4; lastKnownFileType = sourcecode.cpp.cpp; path = Circle.cpp; sourceTree = "<group>"; };
		8B4B7CD2198ADB0E0007BA5B /* Circle.h */ = {isa = PBXFileReference; fileEncoding = 4; lastKnownFileType = sourcecode.c.h; path = Circle.h; sourceTree = "<group>"; };
		8D2763C32AE49E5211F562F3 /* cxeigen.hpp */ = {isa = PBXFileReference; explicitFileType = sourcecode.c.h; fileEncoding = 30; name = cxeigen.hpp; path = ../../addons/ofxOpenCv/libs/opencv/include/opencv/cxeigen.hpp; sourceTree = SOURCE_ROOT; };
		8D9A1009207B773EBC732059 /* version.hpp */ = {isa = PBXFileReference; explicitFileType = sourcecode.c.h; fileEncoding = 30; name = version.hpp; path = ../../addons/ofxOpenCv/libs/opencv/include/opencv2/core/version.hpp; sourceTree = SOURCE_ROOT; };
		8E0D8EA266C129C148918B81 /* video.hpp */ = {isa = PBXFileReference; explicitFileType = sourcecode.c.h; fileEncoding = 30; name = video.hpp; path = ../../addons/ofxOpenCv/libs/opencv/include/opencv2/video/video.hpp; sourceTree = SOURCE_ROOT; };
		90D90726DAE413AB97A99C96 /* cvwimage.h */ = {isa = PBXFileReference; explicitFileType = sourcecode.c.h; fileEncoding = 30; name = cvwimage.h; path = ../../addons/ofxOpenCv/libs/opencv/include/opencv/cvwimage.h; sourceTree = SOURCE_ROOT; };
		93AEB960169F558DA43ADE28 /* config.h */ = {isa = PBXFileReference; explicitFileType = sourcecode.c.h; fileEncoding = 30; name = config.h; path = ../../addons/ofxOpenCv/libs/opencv/include/opencv2/flann/config.h; sourceTree = SOURCE_ROOT; };
		97E9772CB5B04FB62A872480 /* tinyxml.cpp */ = {isa = PBXFileReference; explicitFileType = sourcecode.cpp.cpp; fileEncoding = 30; name = tinyxml.cpp; path = ../../addons/ofxXmlSettings/libs/tinyxml.cpp; sourceTree = SOURCE_ROOT; };
		9AE09EA3E5E6BC701A07C7EA /* json_writer.cpp */ = {isa = PBXFileReference; explicitFileType = sourcecode.cpp.cpp; fileEncoding = 30; name = json_writer.cpp; path = ../../addons/ofxJSON/libs/jsoncpp/src/json_writer.cpp; sourceTree = SOURCE_ROOT; };
		9B9445990213DD000F3CAE76 /* writer.h */ = {isa = PBXFileReference; explicitFileType = sourcecode.c.h; fileEncoding = 30; name = writer.h; path = ../../addons/ofxJSON/libs/jsoncpp/include/json/writer.h; sourceTree = SOURCE_ROOT; };
		9C4BEBB5B382B57CF9725AF3 /* simplex_downhill.h */ = {isa = PBXFileReference; explicitFileType = sourcecode.c.h; fileEncoding = 30; name = simplex_downhill.h; path = ../../addons/ofxOpenCv/libs/opencv/include/opencv2/flann/simplex_downhill.h; sourceTree = SOURCE_ROOT; };
		9F911F8CC62E679405258A00 /* config.h */ = {isa = PBXFileReference; explicitFileType = sourcecode.c.h; fileEncoding = 30; name = config.h; path = ../../addons/ofxJSON/libs/jsoncpp/include/json/config.h; sourceTree = SOURCE_ROOT; };
		A1D1DE109833A1A613935019 /* hdf5.h */ = {isa = PBXFileReference; explicitFileType = sourcecode.c.h; fileEncoding = 30; name = hdf5.h; path = ../../addons/ofxOpenCv/libs/opencv/include/opencv2/flann/hdf5.h; sourceTree = SOURCE_ROOT; };
		A4BC37A235500770721C3078 /* curlrules.h */ = {isa = PBXFileReference; explicitFileType = sourcecode.c.h; fileEncoding = 30; name = curlrules.h; path = ../../addons/ofxOAuth/libs/libcurl/include/curl/curlrules.h; sourceTree = SOURCE_ROOT; };
		A90D66FF14A95D6065989F45 /* ofxTwitterSearch.h */ = {isa = PBXFileReference; explicitFileType = sourcecode.c.h; fileEncoding = 30; name = ofxTwitterSearch.h; path = ../../addons/ofxTwitter/src/ofxTwitterSearch.h; sourceTree = SOURCE_ROOT; };
		ABBBB63312C2F7971AC5E51F /* json_batchallocator.h */ = {isa = PBXFileReference; explicitFileType = sourcecode.c.h; fileEncoding = 30; name = json_batchallocator.h; path = ../../addons/ofxJSON/libs/jsoncpp/src/json_batchallocator.h; sourceTree = SOURCE_ROOT; };
		AC3CF2E9C5449C5123DC5C47 /* ml.hpp */ = {isa = PBXFileReference; explicitFileType = sourcecode.c.h; fileEncoding = 30; name = ml.hpp; path = ../../addons/ofxOpenCv/libs/opencv/include/opencv2/ml/ml.hpp; sourceTree = SOURCE_ROOT; };
		B021E9EFDF732FC0B0232318 /* mat.hpp */ = {isa = PBXFileReference; explicitFileType = sourcecode.c.h; fileEncoding = 30; name = mat.hpp; path = ../../addons/ofxOpenCv/libs/opencv/include/opencv2/core/mat.hpp; sourceTree = SOURCE_ROOT; };
		B12400EDB0EE58FFA423EE0E /* ofxCvHaarFinder.cpp */ = {isa = PBXFileReference; explicitFileType = sourcecode.cpp.cpp; fileEncoding = 30; name = ofxCvHaarFinder.cpp; path = ../../addons/ofxOpenCv/src/ofxCvHaarFinder.cpp; sourceTree = SOURCE_ROOT; };
		B1338838BDB85E9D54CDA1C7 /* nn_index.h */ = {isa = PBXFileReference; explicitFileType = sourcecode.c.h; fileEncoding = 30; name = nn_index.h; path = ../../addons/ofxOpenCv/libs/opencv/include/opencv2/flann/nn_index.h; sourceTree = SOURCE_ROOT; };
		B54F14A0900F41ADFB2D15DF /* params.h */ = {isa = PBXFileReference; explicitFileType = sourcecode.c.h; fileEncoding = 30; name = params.h; path = ../../addons/ofxOpenCv/libs/opencv/include/opencv2/flann/params.h; sourceTree = SOURCE_ROOT; };
		B5CD2145022DD87DE1399DCA /* cxmisc.h */ = {isa = PBXFileReference; explicitFileType = sourcecode.c.h; fileEncoding = 30; name = cxmisc.h; path = ../../addons/ofxOpenCv/libs/opencv/include/opencv/cxmisc.h; sourceTree = SOURCE_ROOT; };
		B63793AAC401CFEE868708F2 /* ofxXmlSettings.cpp */ = {isa = PBXFileReference; explicitFileType = sourcecode.cpp.cpp; fileEncoding = 30; name = ofxXmlSettings.cpp; path = ../../addons/ofxXmlSettings/src/ofxXmlSettings.cpp; sourceTree = SOURCE_ROOT; };
		B647C46D3728CF38EDFC625B /* ofxCvShortImage.cpp */ = {isa = PBXFileReference; explicitFileType = sourcecode.cpp.cpp; fileEncoding = 30; name = ofxCvShortImage.cpp; path = ../../addons/ofxOpenCv/src/ofxCvShortImage.cpp; sourceTree = SOURCE_ROOT; };
		B6A0795CAF712D189167A3FA /* imgproc_c.h */ = {isa = PBXFileReference; explicitFileType = sourcecode.c.h; fileEncoding = 30; name = imgproc_c.h; path = ../../addons/ofxOpenCv/libs/opencv/include/opencv2/imgproc/imgproc_c.h; sourceTree = SOURCE_ROOT; };
		B845D23042DF20839C788FDC /* composite_index.h */ = {isa = PBXFileReference; explicitFileType = sourcecode.c.h; fileEncoding = 30; name = composite_index.h; path = ../../addons/ofxOpenCv/libs/opencv/include/opencv2/flann/composite_index.h; sourceTree = SOURCE_ROOT; };
		BB12C04D0831209B93E7E90D /* ofxCvHaarFinder.h */ = {isa = PBXFileReference; explicitFileType = sourcecode.c.h; fileEncoding = 30; name = ofxCvHaarFinder.h; path = ../../addons/ofxOpenCv/src/ofxCvHaarFinder.h; sourceTree = SOURCE_ROOT; };
		BBAB23BE13894E4700AA2426 /* GLUT.framework */ = {isa = PBXFileReference; lastKnownFileType = wrapper.framework; name = GLUT.framework; path = ../../libs/glut/lib/osx/GLUT.framework; sourceTree = "<group>"; };
		BD2DDB545A02789C4CFB3FA4 /* json_tool.h */ = {isa = PBXFileReference; explicitFileType = sourcecode.c.h; fileEncoding = 30; name = json_tool.h; path = ../../addons/ofxJSON/libs/jsoncpp/src/json_tool.h; sourceTree = SOURCE_ROOT; };
		BEA86F93D6BFAC2EE5D9D7C3 /* ofxCvColorImage.cpp */ = {isa = PBXFileReference; explicitFileType = sourcecode.cpp.cpp; fileEncoding = 30; name = ofxCvColorImage.cpp; path = ../../addons/ofxOpenCv/src/ofxCvColorImage.cpp; sourceTree = SOURCE_ROOT; };
		C2F40E83B5CA5789F4B9B7CE /* json_value.cpp */ = {isa = PBXFileReference; explicitFileType = sourcecode.cpp.cpp; fileEncoding = 30; name = json_value.cpp; path = ../../addons/ofxJSON/libs/jsoncpp/src/json_value.cpp; sourceTree = SOURCE_ROOT; };
		C4FEB98C8FD6691CB7BB9B40 /* timer.h */ = {isa = PBXFileReference; explicitFileType = sourcecode.c.h; fileEncoding = 30; name = timer.h; path = ../../addons/ofxOpenCv/libs/opencv/include/opencv2/flann/timer.h; sourceTree = SOURCE_ROOT; };
		C5E49BBA2137B5D3C56510C4 /* ofxCvContourFinder.h */ = {isa = PBXFileReference; explicitFileType = sourcecode.c.h; fileEncoding = 30; name = ofxCvContourFinder.h; path = ../../addons/ofxOpenCv/src/ofxCvContourFinder.h; sourceTree = SOURCE_ROOT; };
		C611C7CD0CD86EFB211A83BE /* features.h */ = {isa = PBXFileReference; explicitFileType = sourcecode.c.h; fileEncoding = 30; name = features.h; path = ../../addons/ofxJSON/libs/jsoncpp/include/json/features.h; sourceTree = SOURCE_ROOT; };
		C96093B799BDC1DA82C626BB /* mprintf.h */ = {isa = PBXFileReference; explicitFileType = sourcecode.c.h; fileEncoding = 30; name = mprintf.h; path = ../../addons/ofxOAuth/libs/libcurl/include/curl/mprintf.h; sourceTree = SOURCE_ROOT; };
		CA9A51C6188B1305BBE72335 /* core.hpp */ = {isa = PBXFileReference; explicitFileType = sourcecode.c.h; fileEncoding = 30; name = core.hpp; path = ../../addons/ofxOpenCv/libs/opencv/include/opencv2/core/core.hpp; sourceTree = SOURCE_ROOT; };
		CE77F9F95A2D52802B4F8874 /* ground_truth.h */ = {isa = PBXFileReference; explicitFileType = sourcecode.c.h; fileEncoding = 30; name = ground_truth.h; path = ../../addons/ofxOpenCv/libs/opencv/include/opencv2/flann/ground_truth.h; sourceTree = SOURCE_ROOT; };
		CEC0A65B640729CFBF05911A /* ofxCvFloatImage.cpp */ = {isa = PBXFileReference; explicitFileType = sourcecode.cpp.cpp; fileEncoding = 30; name = ofxCvFloatImage.cpp; path = ../../addons/ofxOpenCv/src/ofxCvFloatImage.cpp; sourceTree = SOURCE_ROOT; };
		CEE147F318F3124E6148B8C5 /* internal.hpp */ = {isa = PBXFileReference; explicitFileType = sourcecode.c.h; fileEncoding = 30; name = internal.hpp; path = ../../addons/ofxOpenCv/libs/opencv/include/opencv2/core/internal.hpp; sourceTree = SOURCE_ROOT; };
		D07F4DACD7E0D6AB3D1B2970 /* ofxJSONElement.cpp */ = {isa = PBXFileReference; explicitFileType = sourcecode.cpp.cpp; fileEncoding = 30; name = ofxJSONElement.cpp; path = ../../addons/ofxJSON/src/ofxJSONElement.cpp; sourceTree = SOURCE_ROOT; };
		D1484D2806E7E5ACEEE55436 /* ofxCvImage.cpp */ = {isa = PBXFileReference; explicitFileType = sourcecode.cpp.cpp; fileEncoding = 30; name = ofxCvImage.cpp; path = ../../addons/ofxOpenCv/src/ofxCvImage.cpp; sourceTree = SOURCE_ROOT; };
		D1ECDADBDB16E576478AD767 /* ts.hpp */ = {isa = PBXFileReference; explicitFileType = sourcecode.c.h; fileEncoding = 30; name = ts.hpp; path = ../../addons/ofxOpenCv/libs/opencv/include/opencv2/ts/ts.hpp; sourceTree = SOURCE_ROOT; };
		D3CC382A582FDE8C37F7A58C /* ofxCvImage.h */ = {isa = PBXFileReference; explicitFileType = sourcecode.c.h; fileEncoding = 30; name = ofxCvImage.h; path = ../../addons/ofxOpenCv/src/ofxCvImage.h; sourceTree = SOURCE_ROOT; };
		D48085375648E882F2DD0A8B /* blobtrack.hpp */ = {isa = PBXFileReference; explicitFileType = sourcecode.c.h; fileEncoding = 30; name = blobtrack.hpp; path = ../../addons/ofxOpenCv/libs/opencv/include/opencv2/legacy/blobtrack.hpp; sourceTree = SOURCE_ROOT; };
		D5B12D6EF8F716C7DEC27D3E /* ofxOAuthVerifierCallbackServer.h */ = {isa = PBXFileReference; explicitFileType = sourcecode.c.h; fileEncoding = 30; name = ofxOAuthVerifierCallbackServer.h; path = ../../addons/ofxOAuth/src/ofxOAuthVerifierCallbackServer.h; sourceTree = SOURCE_ROOT; };
		D84500FB6969501365F37B6C /* lsh_table.h */ = {isa = PBXFileReference; explicitFileType = sourcecode.c.h; fileEncoding = 30; name = lsh_table.h; path = ../../addons/ofxOpenCv/libs/opencv/include/opencv2/flann/lsh_table.h; sourceTree = SOURCE_ROOT; };
		D89C743F74E0BACCCD5D8FF2 /* curl.h */ = {isa = PBXFileReference; explicitFileType = sourcecode.c.h; fileEncoding = 30; name = curl.h; path = ../../addons/ofxOAuth/libs/libcurl/include/curl/curl.h; sourceTree = SOURCE_ROOT; };
		D923CECC93BE9FF42D8F8094 /* general.h */ = {isa = PBXFileReference; explicitFileType = sourcecode.c.h; fileEncoding = 30; name = general.h; path = ../../addons/ofxOpenCv/libs/opencv/include/opencv2/flann/general.h; sourceTree = SOURCE_ROOT; };
		DB8434B6A95834C52E38B376 /* kmeans_index.h */ = {isa = PBXFileReference; explicitFileType = sourcecode.c.h; fileEncoding = 30; name = kmeans_index.h; path = ../../addons/ofxOpenCv/libs/opencv/include/opencv2/flann/kmeans_index.h; sourceTree = SOURCE_ROOT; };
		E285E7ECD522604976914280 /* highgui.hpp */ = {isa = PBXFileReference; explicitFileType = sourcecode.c.h; fileEncoding = 30; name = highgui.hpp; path = ../../addons/ofxOpenCv/libs/opencv/include/opencv2/highgui/highgui.hpp; sourceTree = SOURCE_ROOT; };
		E43148A214F6DC0133A05AE4 /* highgui_c.h */ = {isa = PBXFileReference; explicitFileType = sourcecode.c.h; fileEncoding = 30; name = highgui_c.h; path = ../../addons/ofxOpenCv/libs/opencv/include/opencv2/highgui/highgui_c.h; sourceTree = SOURCE_ROOT; };
		E4328143138ABC890047C5CB /* openFrameworksLib.xcodeproj */ = {isa = PBXFileReference; lastKnownFileType = "wrapper.pb-project"; name = openFrameworksLib.xcodeproj; path = ../../libs/openFrameworksCompiled/project/osx/openFrameworksLib.xcodeproj; sourceTree = SOURCE_ROOT; };
		E45BE9710E8CC7DD009D7055 /* AGL.framework */ = {isa = PBXFileReference; lastKnownFileType = wrapper.framework; name = AGL.framework; path = /System/Library/Frameworks/AGL.framework; sourceTree = "<absolute>"; };
		E45BE9720E8CC7DD009D7055 /* ApplicationServices.framework */ = {isa = PBXFileReference; lastKnownFileType = wrapper.framework; name = ApplicationServices.framework; path = /System/Library/Frameworks/ApplicationServices.framework; sourceTree = "<absolute>"; };
		E45BE9730E8CC7DD009D7055 /* AudioToolbox.framework */ = {isa = PBXFileReference; lastKnownFileType = wrapper.framework; name = AudioToolbox.framework; path = /System/Library/Frameworks/AudioToolbox.framework; sourceTree = "<absolute>"; };
		E45BE9750E8CC7DD009D7055 /* CoreAudio.framework */ = {isa = PBXFileReference; lastKnownFileType = wrapper.framework; name = CoreAudio.framework; path = /System/Library/Frameworks/CoreAudio.framework; sourceTree = "<absolute>"; };
		E45BE9760E8CC7DD009D7055 /* CoreFoundation.framework */ = {isa = PBXFileReference; lastKnownFileType = wrapper.framework; name = CoreFoundation.framework; path = /System/Library/Frameworks/CoreFoundation.framework; sourceTree = "<absolute>"; };
		E45BE9770E8CC7DD009D7055 /* CoreServices.framework */ = {isa = PBXFileReference; lastKnownFileType = wrapper.framework; name = CoreServices.framework; path = /System/Library/Frameworks/CoreServices.framework; sourceTree = "<absolute>"; };
		E45BE9790E8CC7DD009D7055 /* OpenGL.framework */ = {isa = PBXFileReference; lastKnownFileType = wrapper.framework; name = OpenGL.framework; path = /System/Library/Frameworks/OpenGL.framework; sourceTree = "<absolute>"; };
		E45BE97A0E8CC7DD009D7055 /* QuickTime.framework */ = {isa = PBXFileReference; lastKnownFileType = wrapper.framework; name = QuickTime.framework; path = /System/Library/Frameworks/QuickTime.framework; sourceTree = "<absolute>"; };
		E4B69B5B0A3A1756003C02F2 /* AirDrawDebug.app */ = {isa = PBXFileReference; explicitFileType = wrapper.application; includeInIndex = 0; path = AirDrawDebug.app; sourceTree = BUILT_PRODUCTS_DIR; };
		E4B69E1D0A3A1BDC003C02F2 /* main.cpp */ = {isa = PBXFileReference; fileEncoding = 30; lastKnownFileType = sourcecode.cpp.cpp; name = main.cpp; path = src/main.cpp; sourceTree = SOURCE_ROOT; };
		E4B69E1E0A3A1BDC003C02F2 /* ofApp.cpp */ = {isa = PBXFileReference; explicitFileType = sourcecode.cpp.cpp; fileEncoding = 30; name = ofApp.cpp; path = src/ofApp.cpp; sourceTree = SOURCE_ROOT; };
		E4B69E1F0A3A1BDC003C02F2 /* ofApp.h */ = {isa = PBXFileReference; fileEncoding = 30; lastKnownFileType = sourcecode.c.h; name = ofApp.h; path = src/ofApp.h; sourceTree = SOURCE_ROOT; };
		E4B6FCAD0C3E899E008CF71C /* openFrameworks-Info.plist */ = {isa = PBXFileReference; fileEncoding = 30; lastKnownFileType = text.plist.xml; path = "openFrameworks-Info.plist"; sourceTree = "<group>"; };
		E4C2424410CC5A17004149E2 /* AppKit.framework */ = {isa = PBXFileReference; lastKnownFileType = wrapper.framework; name = AppKit.framework; path = /System/Library/Frameworks/AppKit.framework; sourceTree = "<absolute>"; };
		E4C2424510CC5A17004149E2 /* Cocoa.framework */ = {isa = PBXFileReference; lastKnownFileType = wrapper.framework; name = Cocoa.framework; path = /System/Library/Frameworks/Cocoa.framework; sourceTree = "<absolute>"; };
		E4C2424610CC5A17004149E2 /* IOKit.framework */ = {isa = PBXFileReference; lastKnownFileType = wrapper.framework; name = IOKit.framework; path = /System/Library/Frameworks/IOKit.framework; sourceTree = "<absolute>"; };
		E4EB691F138AFCF100A09F29 /* CoreOF.xcconfig */ = {isa = PBXFileReference; fileEncoding = 4; lastKnownFileType = text.xcconfig; name = CoreOF.xcconfig; path = ../../libs/openFrameworksCompiled/project/osx/CoreOF.xcconfig; sourceTree = SOURCE_ROOT; };
		E4EB6923138AFD0F00A09F29 /* Project.xcconfig */ = {isa = PBXFileReference; fileEncoding = 4; lastKnownFileType = text.xcconfig; path = Project.xcconfig; sourceTree = "<group>"; };
		E7E077E415D3B63C0020DFD4 /* CoreVideo.framework */ = {isa = PBXFileReference; lastKnownFileType = wrapper.framework; name = CoreVideo.framework; path = /System/Library/Frameworks/CoreVideo.framework; sourceTree = "<absolute>"; };
		E7E077E715D3B6510020DFD4 /* QTKit.framework */ = {isa = PBXFileReference; lastKnownFileType = wrapper.framework; name = QTKit.framework; path = /System/Library/Frameworks/QTKit.framework; sourceTree = "<absolute>"; };
		E7F985F515E0DE99003869B5 /* Accelerate.framework */ = {isa = PBXFileReference; lastKnownFileType = wrapper.framework; name = Accelerate.framework; path = /System/Library/Frameworks/Accelerate.framework; sourceTree = "<absolute>"; };
		E85BD26E965F514EAF8E559D /* flann.hpp */ = {isa = PBXFileReference; explicitFileType = sourcecode.c.h; fileEncoding = 30; name = flann.hpp; path = ../../addons/ofxOpenCv/libs/opencv/include/opencv2/flann/flann.hpp; sourceTree = SOURCE_ROOT; };
		EB6E27A63EF64B9E93274E79 /* multi.h */ = {isa = PBXFileReference; explicitFileType = sourcecode.c.h; fileEncoding = 30; name = multi.h; path = ../../addons/ofxOAuth/libs/libcurl/include/curl/multi.h; sourceTree = SOURCE_ROOT; };
		ECBE317AD2899DFB138812DF /* ofxTwitter.cpp */ = {isa = PBXFileReference; explicitFileType = sourcecode.cpp.cpp; fileEncoding = 30; name = ofxTwitter.cpp; path = ../../addons/ofxTwitter/src/ofxTwitter.cpp; sourceTree = SOURCE_ROOT; };
		EF4CE49E59F7962D3FC6D99F /* cv.h */ = {isa = PBXFileReference; explicitFileType = sourcecode.c.h; fileEncoding = 30; name = cv.h; path = ../../addons/ofxOpenCv/libs/opencv/include/opencv/cv.h; sourceTree = SOURCE_ROOT; };
		F3980DE58DF7B0A4396169C0 /* dummy.h */ = {isa = PBXFileReference; explicitFileType = sourcecode.c.h; fileEncoding = 30; name = dummy.h; path = ../../addons/ofxOpenCv/libs/opencv/include/opencv2/flann/dummy.h; sourceTree = SOURCE_ROOT; };
		F3B6297221E0181AA0803152 /* compat.hpp */ = {isa = PBXFileReference; explicitFileType = sourcecode.c.h; fileEncoding = 30; name = compat.hpp; path = ../../addons/ofxOpenCv/libs/opencv/include/opencv2/legacy/compat.hpp; sourceTree = SOURCE_ROOT; };
		F67FC72CB09747C314A7E48C /* contrib.hpp */ = {isa = PBXFileReference; explicitFileType = sourcecode.c.h; fileEncoding = 30; name = contrib.hpp; path = ../../addons/ofxOpenCv/libs/opencv/include/opencv2/contrib/contrib.hpp; sourceTree = SOURCE_ROOT; };
		F7A3590571BF9C9BB7A30F02 /* result_set.h */ = {isa = PBXFileReference; explicitFileType = sourcecode.c.h; fileEncoding = 30; name = result_set.h; path = ../../addons/ofxOpenCv/libs/opencv/include/opencv2/flann/result_set.h; sourceTree = SOURCE_ROOT; };
		F834F139F5738A194B9C124E /* eigen.hpp */ = {isa = PBXFileReference; explicitFileType = sourcecode.c.h; fileEncoding = 30; name = eigen.hpp; path = ../../addons/ofxOpenCv/libs/opencv/include/opencv2/core/eigen.hpp; sourceTree = SOURCE_ROOT; };
		FB410DABA2830E8BCC40E05E /* heap.h */ = {isa = PBXFileReference; explicitFileType = sourcecode.c.h; fileEncoding = 30; name = heap.h; path = ../../addons/ofxOpenCv/libs/opencv/include/opencv2/flann/heap.h; sourceTree = SOURCE_ROOT; };
		FECD5E1BCCA5F58ADCEA1E09 /* highgui.h */ = {isa = PBXFileReference; explicitFileType = sourcecode.c.h; fileEncoding = 30; name = highgui.h; path = ../../addons/ofxOpenCv/libs/opencv/include/opencv/highgui.h; sourceTree = SOURCE_ROOT; };
/* End PBXFileReference section */

/* Begin PBXFrameworksBuildPhase section */
		E4B69B590A3A1756003C02F2 /* Frameworks */ = {
			isa = PBXFrameworksBuildPhase;
			buildActionMask = 2147483647;
			files = (
				E7F985F815E0DEA3003869B5 /* Accelerate.framework in Frameworks */,
				E7E077E815D3B6510020DFD4 /* QTKit.framework in Frameworks */,
				E4EB6799138ADC1D00A09F29 /* GLUT.framework in Frameworks */,
				E4328149138ABC9F0047C5CB /* openFrameworksDebug.a in Frameworks */,
				E45BE97B0E8CC7DD009D7055 /* AGL.framework in Frameworks */,
				E45BE97C0E8CC7DD009D7055 /* ApplicationServices.framework in Frameworks */,
				E45BE97D0E8CC7DD009D7055 /* AudioToolbox.framework in Frameworks */,
				E45BE97F0E8CC7DD009D7055 /* CoreAudio.framework in Frameworks */,
				E45BE9800E8CC7DD009D7055 /* CoreFoundation.framework in Frameworks */,
				E45BE9810E8CC7DD009D7055 /* CoreServices.framework in Frameworks */,
				E45BE9830E8CC7DD009D7055 /* OpenGL.framework in Frameworks */,
				E45BE9840E8CC7DD009D7055 /* QuickTime.framework in Frameworks */,
				E4C2424710CC5A17004149E2 /* AppKit.framework in Frameworks */,
				E4C2424810CC5A17004149E2 /* Cocoa.framework in Frameworks */,
				E4C2424910CC5A17004149E2 /* IOKit.framework in Frameworks */,
				E7E077E515D3B63C0020DFD4 /* CoreVideo.framework in Frameworks */,
			);
			runOnlyForDeploymentPostprocessing = 0;
		};
/* End PBXFrameworksBuildPhase section */

/* Begin PBXGroup section */
		0478E60892BF4C0731AE0763 /* ts */ = {
			isa = PBXGroup;
			children = (
				D1ECDADBDB16E576478AD767 /* ts.hpp */,
				2B61A2D69530C86CFBE2CB65 /* ts_gtest.h */,
			);
			name = ts;
			sourceTree = "<group>";
		};
		0F07FE174552DEF007BF5AD5 /* opencv2 */ = {
			isa = PBXGroup;
			children = (
				428EB732FD42504F37BCA78A /* calib3d */,
				170C3384C93B182490DDC9CC /* contrib */,
				A5A3A2F98919E2243C73199C /* core */,
				86FEC009E2721D0FB23338D7 /* features2d */,
				1E45F8C3CCFF6847BFF957AA /* flann */,
				5236346776DB8ECC4B121CA3 /* gpu */,
				9C99831C330874C2B245AB48 /* highgui */,
				3E44059DCBC2444D65660B9C /* imgproc */,
				961A625BD21068033782887C /* legacy */,
				0F288FD421D474F4AE2684D3 /* ml */,
				D0CAFE48EE488EEED9149670 /* objdetect */,
				85B3C7B86B76F0358F049F64 /* opencv.hpp */,
				0478E60892BF4C0731AE0763 /* ts */,
				C58CC92A5283B95AA31D50FB /* video */,
			);
			name = opencv2;
			sourceTree = "<group>";
		};
		0F288FD421D474F4AE2684D3 /* ml */ = {
			isa = PBXGroup;
			children = (
				AC3CF2E9C5449C5123DC5C47 /* ml.hpp */,
			);
			name = ml;
			sourceTree = "<group>";
		};
		170C3384C93B182490DDC9CC /* contrib */ = {
			isa = PBXGroup;
			children = (
				F67FC72CB09747C314A7E48C /* contrib.hpp */,
				37565F9A6A9BAB83933F9F09 /* retina.hpp */,
			);
			name = contrib;
			sourceTree = "<group>";
		};
		1A7DF57EA46ACBE986F0D971 /* include */ = {
			isa = PBXGroup;
			children = (
				6FBC3793A02D17DBABD222BF /* oauth.h */,
			);
			name = include;
			sourceTree = "<group>";
		};
		1E45F8C3CCFF6847BFF957AA /* flann */ = {
			isa = PBXGroup;
			children = (
				875DFFD0B7EF7D7F1DE6783C /* all_indices.h */,
				4F9551C3FBF848DF89031F48 /* allocator.h */,
				40FA6EB56122C95578919F5E /* any.h */,
				4F2523686D5C62AE6A908D37 /* autotuned_index.h */,
				B845D23042DF20839C788FDC /* composite_index.h */,
				93AEB960169F558DA43ADE28 /* config.h */,
				3CF911870940E533C72C5C3D /* defines.h */,
				02248182416165E37BF8B6D3 /* dist.h */,
				F3980DE58DF7B0A4396169C0 /* dummy.h */,
				1A5BD1A56E2B04BD6C212A63 /* dynamic_bitset.h */,
				E85BD26E965F514EAF8E559D /* flann.hpp */,
				2F6A7D3BF4694D651E3F3B70 /* flann_base.hpp */,
				D923CECC93BE9FF42D8F8094 /* general.h */,
				CE77F9F95A2D52802B4F8874 /* ground_truth.h */,
				A1D1DE109833A1A613935019 /* hdf5.h */,
				FB410DABA2830E8BCC40E05E /* heap.h */,
				149EC2D5803444BC98F68EA7 /* hierarchical_clustering_index.h */,
				189C2C29EB8896D8476CA771 /* index_testing.h */,
				739B26286FE49235D3754BC0 /* kdtree_index.h */,
				2F3714ED9FA28845B6C06ED7 /* kdtree_single_index.h */,
				DB8434B6A95834C52E38B376 /* kmeans_index.h */,
				4290CF699587C21860622709 /* linear_index.h */,
				6ADD271F71E5CF8161B45109 /* logger.h */,
				3CC741100B92BDA61AE0539B /* lsh_index.h */,
				D84500FB6969501365F37B6C /* lsh_table.h */,
				59E7025DD3988EC444200EEE /* matrix.h */,
				4544758CCDE8420309DFAB7E /* miniflann.hpp */,
				B1338838BDB85E9D54CDA1C7 /* nn_index.h */,
				377DC4911D8323C5BCDE358C /* object_factory.h */,
				B54F14A0900F41ADFB2D15DF /* params.h */,
				5E3DC78BDF18B305E356514A /* random.h */,
				F7A3590571BF9C9BB7A30F02 /* result_set.h */,
				427E339F3028FB9BD2583091 /* sampling.h */,
				5EC47C2AA32281D0EA6D9907 /* saving.h */,
				9C4BEBB5B382B57CF9725AF3 /* simplex_downhill.h */,
				C4FEB98C8FD6691CB7BB9B40 /* timer.h */,
			);
			name = flann;
			sourceTree = "<group>";
		};
		1F4FB5C423662B96ADFDCC0B /* ofxXmlSettings */ = {
			isa = PBXGroup;
			children = (
				6ECEF0D76BC33727823EADFF /* src */,
				6E54289412D2D94F45A05113 /* libs */,
			);
			name = ofxXmlSettings;
			sourceTree = "<group>";
		};
		2865DAEF86B1907A704CA70B /* ofxJSON */ = {
			isa = PBXGroup;
			children = (
				292AF6148769654D0DF26018 /* src */,
				F40E80CB2D443CBA9581DD03 /* libs */,
			);
			name = ofxJSON;
			sourceTree = "<group>";
		};
		292AF6148769654D0DF26018 /* src */ = {
			isa = PBXGroup;
			children = (
				D07F4DACD7E0D6AB3D1B2970 /* ofxJSONElement.cpp */,
				1ABCA16BEF1B784BC11B6396 /* ofxJSONElement.h */,
			);
			name = src;
			sourceTree = "<group>";
		};
		32A2B0EDC109D0EF4192515F /* ofxOAuth */ = {
			isa = PBXGroup;
			children = (
				C09571235182C538AEDF198F /* src */,
				6769494407AAF8D97E93D6FC /* libs */,
			);
			name = ofxOAuth;
			sourceTree = "<group>";
		};
		3E44059DCBC2444D65660B9C /* imgproc */ = {
			isa = PBXGroup;
			children = (
				2BBA11627E73633AC56D854F /* imgproc.hpp */,
				B6A0795CAF712D189167A3FA /* imgproc_c.h */,
				217416037D6BECCA57032287 /* types_c.h */,
			);
			name = imgproc;
			sourceTree = "<group>";
		};
		41F0A25FE7C0DD0B544A5B80 /* ofxTwitter */ = {
			isa = PBXGroup;
			children = (
				AB24627F8FE866B8CAAC174C /* src */,
			);
			name = ofxTwitter;
			sourceTree = "<group>";
		};
		428EB732FD42504F37BCA78A /* calib3d */ = {
			isa = PBXGroup;
			children = (
				17964CEE60E51DCFA80FE3FF /* calib3d.hpp */,
			);
			name = calib3d;
			sourceTree = "<group>";
		};
		5236346776DB8ECC4B121CA3 /* gpu */ = {
			isa = PBXGroup;
			children = (
				79294254C5A26639AA565C63 /* devmem2d.hpp */,
				16C42549454E205E4A4248D2 /* gpu.hpp */,
				48213A907638718C4206147B /* gpumat.hpp */,
				45880FFA3231CAA0144404DB /* matrix_operations.hpp */,
				4B6505ED9C6446DF9FB6AE8A /* stream_accessor.hpp */,
			);
			name = gpu;
			sourceTree = "<group>";
		};
		58AD3BD71B781D9BC25763C8 /* json */ = {
			isa = PBXGroup;
			children = (
				61A5B33855D5C2C5B5B006E8 /* autolink.h */,
				9F911F8CC62E679405258A00 /* config.h */,
				C611C7CD0CD86EFB211A83BE /* features.h */,
				27A7289F048F859882DC4543 /* forwards.h */,
				5407F19529431F450711B886 /* json.h */,
				1350013DA40531B8193E8922 /* reader.h */,
				7CBAFE14EAD5C6506536059C /* value.h */,
				9B9445990213DD000F3CAE76 /* writer.h */,
			);
			name = json;
			sourceTree = "<group>";
		};
		6769494407AAF8D97E93D6FC /* libs */ = {
			isa = PBXGroup;
			children = (
				735FD2DB77745A8D75E41D63 /* libcurl */,
				B42531B006C6742083BD68A8 /* liboauth */,
			);
			name = libs;
			sourceTree = "<group>";
		};
		6E54289412D2D94F45A05113 /* libs */ = {
			isa = PBXGroup;
			children = (
				97E9772CB5B04FB62A872480 /* tinyxml.cpp */,
				67DC64ADF8E00E1888BFF187 /* tinyxml.h */,
				572960DD09FAC11DCF63ED27 /* tinyxmlerror.cpp */,
				723AE465948C9C9893893BC8 /* tinyxmlparser.cpp */,
			);
			name = libs;
			sourceTree = "<group>";
		};
		6ECEF0D76BC33727823EADFF /* src */ = {
			isa = PBXGroup;
			children = (
				B63793AAC401CFEE868708F2 /* ofxXmlSettings.cpp */,
				2A607BDC0F2A17EC184D8D62 /* ofxXmlSettings.h */,
			);
			name = src;
			sourceTree = "<group>";
		};
		735FD2DB77745A8D75E41D63 /* libcurl */ = {
			isa = PBXGroup;
			children = (
				E2D00C683A0A200A8BAB6F5A /* include */,
			);
			name = libcurl;
			sourceTree = "<group>";
		};
		737B033AA777B67BA4F8F4D2 /* opencv */ = {
			isa = PBXGroup;
			children = (
				EF4CE49E59F7962D3FC6D99F /* cv.h */,
				688CF4088F807990CBF982F4 /* cv.hpp */,
				014EB235B442BDC154E2B4D9 /* cvaux.h */,
				3C2E2D712302594BA928C908 /* cvaux.hpp */,
				90D90726DAE413AB97A99C96 /* cvwimage.h */,
				0D6081D94E2B01A410FBF701 /* cxcore.h */,
				328D3F9EC72E83441FBB1964 /* cxcore.hpp */,
				8D2763C32AE49E5211F562F3 /* cxeigen.hpp */,
				B5CD2145022DD87DE1399DCA /* cxmisc.h */,
				FECD5E1BCCA5F58ADCEA1E09 /* highgui.h */,
				72B09CED9EDEB5AF9DE0104C /* ml.h */,
			);
			name = opencv;
			sourceTree = "<group>";
		};
		7C2747528A0BF09A8F6C98FE /* curl */ = {
			isa = PBXGroup;
			children = (
				D89C743F74E0BACCCD5D8FF2 /* curl.h */,
				672736C0736BCC9CDBCB8ECD /* curlbuild.h */,
				A4BC37A235500770721C3078 /* curlrules.h */,
				87751526F77A8D5EC09568D1 /* curlver.h */,
				67CE0E2DA0EC1102C4538AE7 /* easy.h */,
				C96093B799BDC1DA82C626BB /* mprintf.h */,
				EB6E27A63EF64B9E93274E79 /* multi.h */,
				0BA42DDBB9751C02BBDD8A98 /* stdcheaders.h */,
				5E2C01037B2F00082E96739A /* typecheck-gcc.h */,
			);
			name = curl;
			sourceTree = "<group>";
		};
		86FEC009E2721D0FB23338D7 /* features2d */ = {
			isa = PBXGroup;
			children = (
				0471EAB9E74A15026488D972 /* features2d.hpp */,
			);
			name = features2d;
			sourceTree = "<group>";
		};
		8B4B7CB8198ADB030007BA5B /* bin */ = {
			isa = PBXGroup;
			children = (
				8B4B7CB9198ADB030007BA5B /* AirDraw.app */,
				8B4B7CBA198ADB030007BA5B /* AirDrawDebug.app */,
				8B4B7CBB198ADB030007BA5B /* data */,
			);
			path = bin;
			sourceTree = "<group>";
		};
		8B4B7CBB198ADB030007BA5B /* data */ = {
			isa = PBXGroup;
			children = (
				8B4B7CBC198ADB030007BA5B /* .gitkeep */,
				8B4B7CBD198ADB030007BA5B /* eye.png */,
				8B4B7CBE198ADB030007BA5B /* eyes.xml */,
				8B4B7CBF198ADB030007BA5B /* fist.xml */,
				8B4B7CC0198ADB030007BA5B /* haarcascade_eye.xml */,
				8B4B7CC1198ADB030007BA5B /* haarcascade_eyeglasses.xml */,
				8B4B7CC2198ADB030007BA5B /* haarcascade_frontalface_alt.xml */,
				8B4B7CC3198ADB030007BA5B /* haarcascade_frontalface_alt2.xml */,
				8B4B7CC4198ADB030007BA5B /* haarcascade_frontalface_default.xml */,
				8B4B7CC5198ADB030007BA5B /* haarcascade_mcs_nose.xml */,
				8B4B7CC6198ADB030007BA5B /* haarcascade_mcs_righteye_alt.xml */,
				8B4B7CC7198ADB030007BA5B /* haarcascade_righteye_2splits.xml */,
				8B4B7CC8198ADB030007BA5B /* hand.xml */,
				8B4B7CC9198ADB030007BA5B /* left_eye.xml */,
				8B4B7CCA198ADB030007BA5B /* mouth.xml */,
				8B4B7CCB198ADB030007BA5B /* nose.xml */,
				8B4B7CCC198ADB030007BA5B /* palm.xml */,
				8B4B7CCD198ADB030007BA5B /* right_eye.xml */,
				8B4B7CCE198ADB030007BA5B /* test.jpg */,
				8B4B7CCF198ADB030007BA5B /* ThemeFromShaft.mov */,
				8B4B7CD0198ADB030007BA5B /* verdana.ttf */,
			);
			path = data;
			sourceTree = "<group>";
		};
		961A625BD21068033782887C /* legacy */ = {
			isa = PBXGroup;
			children = (
				D48085375648E882F2DD0A8B /* blobtrack.hpp */,
				F3B6297221E0181AA0803152 /* compat.hpp */,
				0F8287467456A6632713E15B /* legacy.hpp */,
				73D2DFC7194C57675EC63F0E /* streams.hpp */,
			);
			name = legacy;
			sourceTree = "<group>";
		};
		977A836DD2C489CCC5E330FF /* jsoncpp */ = {
			isa = PBXGroup;
			children = (
				D486FC87F063317BB47E9FAC /* include */,
				CCDC6F9CCF925CC402160B85 /* src */,
			);
			name = jsoncpp;
			sourceTree = "<group>";
		};
		9C99831C330874C2B245AB48 /* highgui */ = {
			isa = PBXGroup;
			children = (
				E285E7ECD522604976914280 /* highgui.hpp */,
				E43148A214F6DC0133A05AE4 /* highgui_c.h */,
			);
			name = highgui;
			sourceTree = "<group>";
		};
		A0B90D3B0ADB9C1716816714 /* ofxOpenCv */ = {
			isa = PBXGroup;
			children = (
				C756CAAFD542831674E15FE6 /* src */,
				DCC60D6724B56635AE867535 /* libs */,
			);
			name = ofxOpenCv;
			sourceTree = "<group>";
		};
		A5A3A2F98919E2243C73199C /* core */ = {
			isa = PBXGroup;
			children = (
				CA9A51C6188B1305BBE72335 /* core.hpp */,
				797A8282101F29D144C57B64 /* core_c.h */,
				F834F139F5738A194B9C124E /* eigen.hpp */,
				CEE147F318F3124E6148B8C5 /* internal.hpp */,
				B021E9EFDF732FC0B0232318 /* mat.hpp */,
				547A933DA9D18C873D986A2B /* operations.hpp */,
				4D2B970F7E2D8AB7F8A28736 /* types_c.h */,
				8D9A1009207B773EBC732059 /* version.hpp */,
				2E60D09E7C352EE54EDEBB1A /* wimage.hpp */,
			);
			name = core;
			sourceTree = "<group>";
		};
		AAA97F42C2FE4A31ECFD0585 /* opencv */ = {
			isa = PBXGroup;
			children = (
				F9F05170CB9BDF47DA2B6E6A /* include */,
			);
			name = opencv;
			sourceTree = "<group>";
		};
		AB24627F8FE866B8CAAC174C /* src */ = {
			isa = PBXGroup;
			children = (
				ECBE317AD2899DFB138812DF /* ofxTwitter.cpp */,
				45D49736071DB45A364FA8FF /* ofxTwitter.h */,
				739B590F36A65960E3395C26 /* ofxTwitterConfig.h */,
				A90D66FF14A95D6065989F45 /* ofxTwitterSearch.h */,
				52834C64AF7721A211C58259 /* ofxTwitterTweet.h */,
			);
			name = src;
			sourceTree = "<group>";
		};
		B42531B006C6742083BD68A8 /* liboauth */ = {
			isa = PBXGroup;
			children = (
				1A7DF57EA46ACBE986F0D971 /* include */,
			);
			name = liboauth;
			sourceTree = "<group>";
		};
		BB4B014C10F69532006C3DED /* addons */ = {
			isa = PBXGroup;
			children = (
				A0B90D3B0ADB9C1716816714 /* ofxOpenCv */,
				1F4FB5C423662B96ADFDCC0B /* ofxXmlSettings */,
				2865DAEF86B1907A704CA70B /* ofxJSON */,
				32A2B0EDC109D0EF4192515F /* ofxOAuth */,
				41F0A25FE7C0DD0B544A5B80 /* ofxTwitter */,
			);
			name = addons;
			sourceTree = "<group>";
		};
		BBAB23C913894ECA00AA2426 /* system frameworks */ = {
			isa = PBXGroup;
			children = (
				E7F985F515E0DE99003869B5 /* Accelerate.framework */,
				E4C2424410CC5A17004149E2 /* AppKit.framework */,
				E4C2424510CC5A17004149E2 /* Cocoa.framework */,
				E4C2424610CC5A17004149E2 /* IOKit.framework */,
				E45BE9710E8CC7DD009D7055 /* AGL.framework */,
				E45BE9720E8CC7DD009D7055 /* ApplicationServices.framework */,
				E45BE9730E8CC7DD009D7055 /* AudioToolbox.framework */,
				E45BE9750E8CC7DD009D7055 /* CoreAudio.framework */,
				E45BE9760E8CC7DD009D7055 /* CoreFoundation.framework */,
				E45BE9770E8CC7DD009D7055 /* CoreServices.framework */,
				E45BE9790E8CC7DD009D7055 /* OpenGL.framework */,
				E45BE97A0E8CC7DD009D7055 /* QuickTime.framework */,
				E7E077E415D3B63C0020DFD4 /* CoreVideo.framework */,
				E7E077E715D3B6510020DFD4 /* QTKit.framework */,
			);
			name = "system frameworks";
			sourceTree = "<group>";
		};
		BBAB23CA13894EDB00AA2426 /* 3rd party frameworks */ = {
			isa = PBXGroup;
			children = (
				BBAB23BE13894E4700AA2426 /* GLUT.framework */,
			);
			name = "3rd party frameworks";
			sourceTree = "<group>";
		};
		C09571235182C538AEDF198F /* src */ = {
			isa = PBXGroup;
			children = (
				8974578BD15F5DB003120053 /* ofxOAuth.cpp */,
				6020EFE3823536ED74C54269 /* ofxOAuth.h */,
				618B64D7C2E70ECDD77AB6A2 /* ofxOAuthVerifierCallbackInterface.h */,
				D5B12D6EF8F716C7DEC27D3E /* ofxOAuthVerifierCallbackServer.h */,
			);
			name = src;
			sourceTree = "<group>";
		};
		C58CC92A5283B95AA31D50FB /* video */ = {
			isa = PBXGroup;
			children = (
				4783972A174D4413B88F8AFD /* background_segm.hpp */,
				7DBFDBDB76046177350612D2 /* tracking.hpp */,
				8E0D8EA266C129C148918B81 /* video.hpp */,
			);
			name = video;
			sourceTree = "<group>";
		};
		C756CAAFD542831674E15FE6 /* src */ = {
			isa = PBXGroup;
			children = (
				4D05A05EE7260048569D1077 /* ofxCvBlob.h */,
				BEA86F93D6BFAC2EE5D9D7C3 /* ofxCvColorImage.cpp */,
				307149AFFC2C2950B9990326 /* ofxCvColorImage.h */,
				2F92FA578B5EAEB49229F4EF /* ofxCvConstants.h */,
				4A3B118E824B20B86DF7DE58 /* ofxCvContourFinder.cpp */,
				C5E49BBA2137B5D3C56510C4 /* ofxCvContourFinder.h */,
				CEC0A65B640729CFBF05911A /* ofxCvFloatImage.cpp */,
				236E08D304C8C1F4EFD3620C /* ofxCvFloatImage.h */,
				6ADC1729A74FA3C4546C8168 /* ofxCvGrayscaleImage.cpp */,
				77C5804FE62B44A0DAAD80AE /* ofxCvGrayscaleImage.h */,
				B12400EDB0EE58FFA423EE0E /* ofxCvHaarFinder.cpp */,
				BB12C04D0831209B93E7E90D /* ofxCvHaarFinder.h */,
				D1484D2806E7E5ACEEE55436 /* ofxCvImage.cpp */,
				D3CC382A582FDE8C37F7A58C /* ofxCvImage.h */,
				B647C46D3728CF38EDFC625B /* ofxCvShortImage.cpp */,
				4144FB0C3ECE2DEF836458C5 /* ofxCvShortImage.h */,
				09DF232742611E8F9441A2B9 /* ofxOpenCv.h */,
			);
			name = src;
			sourceTree = "<group>";
		};
		CCDC6F9CCF925CC402160B85 /* src */ = {
			isa = PBXGroup;
			children = (
				ABBBB63312C2F7971AC5E51F /* json_batchallocator.h */,
				05DCAA7DA9FA05C812EB1F35 /* json_reader.cpp */,
				BD2DDB545A02789C4CFB3FA4 /* json_tool.h */,
				C2F40E83B5CA5789F4B9B7CE /* json_value.cpp */,
				9AE09EA3E5E6BC701A07C7EA /* json_writer.cpp */,
			);
			name = src;
			sourceTree = "<group>";
		};
		D0CAFE48EE488EEED9149670 /* objdetect */ = {
			isa = PBXGroup;
			children = (
				7580327005E2ED2C282261D4 /* objdetect.hpp */,
			);
			name = objdetect;
			sourceTree = "<group>";
		};
		D486FC87F063317BB47E9FAC /* include */ = {
			isa = PBXGroup;
			children = (
				58AD3BD71B781D9BC25763C8 /* json */,
			);
			name = include;
			sourceTree = "<group>";
		};
		DCC60D6724B56635AE867535 /* libs */ = {
			isa = PBXGroup;
			children = (
				AAA97F42C2FE4A31ECFD0585 /* opencv */,
			);
			name = libs;
			sourceTree = "<group>";
		};
		E2D00C683A0A200A8BAB6F5A /* include */ = {
			isa = PBXGroup;
			children = (
				7C2747528A0BF09A8F6C98FE /* curl */,
			);
			name = include;
			sourceTree = "<group>";
		};
		E4328144138ABC890047C5CB /* Products */ = {
			isa = PBXGroup;
			children = (
				E4328148138ABC890047C5CB /* openFrameworksDebug.a */,
			);
			name = Products;
			sourceTree = "<group>";
		};
		E45BE5980E8CC70C009D7055 /* frameworks */ = {
			isa = PBXGroup;
			children = (
				BBAB23CA13894EDB00AA2426 /* 3rd party frameworks */,
				BBAB23C913894ECA00AA2426 /* system frameworks */,
			);
			name = frameworks;
			sourceTree = "<group>";
		};
		E4B69B4A0A3A1720003C02F2 = {
			isa = PBXGroup;
			children = (
				8B4B7CB8198ADB030007BA5B /* bin */,
				E4B6FCAD0C3E899E008CF71C /* openFrameworks-Info.plist */,
				E4EB6923138AFD0F00A09F29 /* Project.xcconfig */,
				E4B69E1C0A3A1BDC003C02F2 /* src */,
				E4EEC9E9138DF44700A80321 /* openFrameworks */,
				BB4B014C10F69532006C3DED /* addons */,
				E45BE5980E8CC70C009D7055 /* frameworks */,
				E4B69B5B0A3A1756003C02F2 /* AirDrawDebug.app */,
			);
			sourceTree = "<group>";
		};
		E4B69E1C0A3A1BDC003C02F2 /* src */ = {
			isa = PBXGroup;
			children = (
				8B4B7CD1198ADB0E0007BA5B /* Circle.cpp */,
				8B4B7CD2198ADB0E0007BA5B /* Circle.h */,
				E4B69E1D0A3A1BDC003C02F2 /* main.cpp */,
				E4B69E1E0A3A1BDC003C02F2 /* ofApp.cpp */,
				E4B69E1F0A3A1BDC003C02F2 /* ofApp.h */,
			);
			path = src;
			sourceTree = SOURCE_ROOT;
		};
		E4EEC9E9138DF44700A80321 /* openFrameworks */ = {
			isa = PBXGroup;
			children = (
				E4EB691F138AFCF100A09F29 /* CoreOF.xcconfig */,
				E4328143138ABC890047C5CB /* openFrameworksLib.xcodeproj */,
			);
			name = openFrameworks;
			sourceTree = "<group>";
		};
		F40E80CB2D443CBA9581DD03 /* libs */ = {
			isa = PBXGroup;
			children = (
				977A836DD2C489CCC5E330FF /* jsoncpp */,
			);
			name = libs;
			sourceTree = "<group>";
		};
		F9F05170CB9BDF47DA2B6E6A /* include */ = {
			isa = PBXGroup;
			children = (
				737B033AA777B67BA4F8F4D2 /* opencv */,
				0F07FE174552DEF007BF5AD5 /* opencv2 */,
			);
			name = include;
			sourceTree = "<group>";
		};
/* End PBXGroup section */

/* Begin PBXNativeTarget section */
		E4B69B5A0A3A1756003C02F2 /* AirDraw */ = {
			isa = PBXNativeTarget;
			buildConfigurationList = E4B69B5F0A3A1757003C02F2 /* Build configuration list for PBXNativeTarget "AirDraw" */;
			buildPhases = (
				E4B69B580A3A1756003C02F2 /* Sources */,
				E4B69B590A3A1756003C02F2 /* Frameworks */,
				E4B6FFFD0C3F9AB9008CF71C /* ShellScript */,
				E4C2427710CC5ABF004149E2 /* CopyFiles */,
			);
			buildRules = (
			);
			dependencies = (
				E4EEB9AC138B136A00A80321 /* PBXTargetDependency */,
			);
			name = AirDraw;
			productName = myOFApp;
			productReference = E4B69B5B0A3A1756003C02F2 /* AirDrawDebug.app */;
			productType = "com.apple.product-type.application";
		};
/* End PBXNativeTarget section */

/* Begin PBXProject section */
		E4B69B4C0A3A1720003C02F2 /* Project object */ = {
			isa = PBXProject;
			attributes = {
				LastUpgradeCheck = 0460;
			};
			buildConfigurationList = E4B69B4D0A3A1720003C02F2 /* Build configuration list for PBXProject "AirDraw" */;
			compatibilityVersion = "Xcode 3.2";
			developmentRegion = English;
			hasScannedForEncodings = 0;
			knownRegions = (
				English,
				Japanese,
				French,
				German,
			);
			mainGroup = E4B69B4A0A3A1720003C02F2;
			productRefGroup = E4B69B4A0A3A1720003C02F2;
			projectDirPath = "";
			projectReferences = (
				{
					ProductGroup = E4328144138ABC890047C5CB /* Products */;
					ProjectRef = E4328143138ABC890047C5CB /* openFrameworksLib.xcodeproj */;
				},
			);
			projectRoot = "";
			targets = (
				E4B69B5A0A3A1756003C02F2 /* AirDraw */,
			);
		};
/* End PBXProject section */

/* Begin PBXReferenceProxy section */
		E4328148138ABC890047C5CB /* openFrameworksDebug.a */ = {
			isa = PBXReferenceProxy;
			fileType = archive.ar;
			path = openFrameworksDebug.a;
			remoteRef = E4328147138ABC890047C5CB /* PBXContainerItemProxy */;
			sourceTree = BUILT_PRODUCTS_DIR;
		};
/* End PBXReferenceProxy section */

/* Begin PBXShellScriptBuildPhase section */
		E4B6FFFD0C3F9AB9008CF71C /* ShellScript */ = {
			isa = PBXShellScriptBuildPhase;
			buildActionMask = 2147483647;
			files = (
			);
			inputPaths = (
			);
			outputPaths = (
			);
			runOnlyForDeploymentPostprocessing = 0;
			shellPath = /bin/sh;
			shellScript = "cp -f ../../libs/fmodex/lib/osx/libfmodex.dylib \"$TARGET_BUILD_DIR/$PRODUCT_NAME.app/Contents/MacOS/libfmodex.dylib\"; install_name_tool -change ./libfmodex.dylib @executable_path/libfmodex.dylib \"$TARGET_BUILD_DIR/$PRODUCT_NAME.app/Contents/MacOS/$PRODUCT_NAME\";\nmkdir -p \"$TARGET_BUILD_DIR/$PRODUCT_NAME.app/Contents/Resources/\"\ncp -f \"$ICON_FILE\" \"$TARGET_BUILD_DIR/$PRODUCT_NAME.app/Contents/Resources/\"\n";
		};
/* End PBXShellScriptBuildPhase section */

/* Begin PBXSourcesBuildPhase section */
		E4B69B580A3A1756003C02F2 /* Sources */ = {
			isa = PBXSourcesBuildPhase;
			buildActionMask = 2147483647;
			files = (
				E4B69E200A3A1BDC003C02F2 /* main.cpp in Sources */,
				8B4B7CD3198ADB0E0007BA5B /* Circle.cpp in Sources */,
				E4B69E210A3A1BDC003C02F2 /* ofApp.cpp in Sources */,
				4927BB9D11FF7F57D3E2B51C /* ofxCvColorImage.cpp in Sources */,
				7B402ED651BC0C49EF93DFF3 /* ofxCvContourFinder.cpp in Sources */,
				4658A6A134834CAE7045FA19 /* ofxCvFloatImage.cpp in Sources */,
				40E7CEC62E17A8F6E6A443AE /* ofxCvGrayscaleImage.cpp in Sources */,
				28189DB43CD152201712E778 /* ofxCvHaarFinder.cpp in Sources */,
				63512F2008E135A7A3860582 /* ofxCvImage.cpp in Sources */,
				FEE13C3059BFBFB576FCBAF7 /* ofxCvShortImage.cpp in Sources */,
				0C626D3D484EA5FB87A6AD23 /* ofxXmlSettings.cpp in Sources */,
				28DC652211D4AF8CC023D568 /* tinyxml.cpp in Sources */,
				F877D69532909AE487E0EF22 /* tinyxmlerror.cpp in Sources */,
				32E2318B89B6217AE6052155 /* tinyxmlparser.cpp in Sources */,
				6B510B08B3ABDF0145095143 /* ofxJSONElement.cpp in Sources */,
				77385F791172E4320575F365 /* json_reader.cpp in Sources */,
				31F73F5D177938EFA1A705EB /* json_value.cpp in Sources */,
				C0DC99AB77959455074C3355 /* json_writer.cpp in Sources */,
				138C37DFE0DDC7906296029A /* ofxOAuth.cpp in Sources */,
				CA742769775FBF22666EE688 /* ofxTwitter.cpp in Sources */,
			);
			runOnlyForDeploymentPostprocessing = 0;
		};
/* End PBXSourcesBuildPhase section */

/* Begin PBXTargetDependency section */
		E4EEB9AC138B136A00A80321 /* PBXTargetDependency */ = {
			isa = PBXTargetDependency;
			name = openFrameworks;
			targetProxy = E4EEB9AB138B136A00A80321 /* PBXContainerItemProxy */;
		};
/* End PBXTargetDependency section */

/* Begin XCBuildConfiguration section */
		E4B69B4E0A3A1720003C02F2 /* Debug */ = {
			isa = XCBuildConfiguration;
			baseConfigurationReference = E4EB6923138AFD0F00A09F29 /* Project.xcconfig */;
			buildSettings = {
				ARCHS = "$(NATIVE_ARCH)";
				CONFIGURATION_BUILD_DIR = "$(SRCROOT)/bin/";
				COPY_PHASE_STRIP = NO;
				DEAD_CODE_STRIPPING = YES;
				GCC_AUTO_VECTORIZATION = YES;
				GCC_ENABLE_SSE3_EXTENSIONS = YES;
				GCC_ENABLE_SUPPLEMENTAL_SSE3_INSTRUCTIONS = YES;
				GCC_INLINES_ARE_PRIVATE_EXTERN = NO;
				GCC_OPTIMIZATION_LEVEL = 0;
				GCC_SYMBOLS_PRIVATE_EXTERN = NO;
				GCC_WARN_ABOUT_DEPRECATED_FUNCTIONS = YES;
				GCC_WARN_ABOUT_INVALID_OFFSETOF_MACRO = NO;
				GCC_WARN_ALLOW_INCOMPLETE_PROTOCOL = NO;
				GCC_WARN_UNINITIALIZED_AUTOS = NO;
				GCC_WARN_UNUSED_VALUE = NO;
				GCC_WARN_UNUSED_VARIABLE = NO;
				HEADER_SEARCH_PATHS = (
					"$(OF_CORE_HEADERS)",
					../../addons/ofxOpenCv/libs,
					../../addons/ofxOpenCv/libs/opencv,
					../../addons/ofxOpenCv/libs/opencv/include,
					../../addons/ofxOpenCv/libs/opencv/include/opencv,
					../../addons/ofxOpenCv/libs/opencv/include/opencv2,
					../../addons/ofxOpenCv/libs/opencv/include/opencv2/calib3d,
					../../addons/ofxOpenCv/libs/opencv/include/opencv2/contrib,
					../../addons/ofxOpenCv/libs/opencv/include/opencv2/core,
					../../addons/ofxOpenCv/libs/opencv/include/opencv2/features2d,
					../../addons/ofxOpenCv/libs/opencv/include/opencv2/flann,
					../../addons/ofxOpenCv/libs/opencv/include/opencv2/gpu,
					../../addons/ofxOpenCv/libs/opencv/include/opencv2/highgui,
					../../addons/ofxOpenCv/libs/opencv/include/opencv2/imgproc,
					../../addons/ofxOpenCv/libs/opencv/include/opencv2/legacy,
					../../addons/ofxOpenCv/libs/opencv/include/opencv2/ml,
					../../addons/ofxOpenCv/libs/opencv/include/opencv2/objdetect,
					../../addons/ofxOpenCv/libs/opencv/include/opencv2/ts,
					../../addons/ofxOpenCv/libs/opencv/include/opencv2/video,
					../../addons/ofxOpenCv/libs/opencv/lib,
					../../addons/ofxOpenCv/libs/opencv/lib/osx,
					../../addons/ofxOpenCv/src,
					../../addons/ofxXmlSettings/libs,
					../../addons/ofxXmlSettings/src,
					../../addons/ofxJSON/libs,
					../../addons/ofxJSON/libs/jsoncpp,
					../../addons/ofxJSON/libs/jsoncpp/include,
					../../addons/ofxJSON/libs/jsoncpp/include/json,
					../../addons/ofxJSON/libs/jsoncpp/src,
					../../addons/ofxJSON/src,
					../../addons/ofxOAuth/libs,
					../../addons/ofxOAuth/libs/libcurl,
					../../addons/ofxOAuth/libs/libcurl/include,
					../../addons/ofxOAuth/libs/libcurl/include/curl,
					../../addons/ofxOAuth/libs/libcurl/lib,
					../../addons/ofxOAuth/libs/libcurl/lib/osx,
					../../addons/ofxOAuth/libs/liboauth,
					../../addons/ofxOAuth/libs/liboauth/include,
					../../addons/ofxOAuth/libs/liboauth/lib,
					../../addons/ofxOAuth/libs/liboauth/lib/linuxarmv6l,
					../../addons/ofxOAuth/libs/liboauth/lib/osx,
					../../addons/ofxOAuth/src,
					../../addons/ofxTwitter/libs,
					../../addons/ofxTwitter/src,
				);
				MACOSX_DEPLOYMENT_TARGET = 10.6;
				OTHER_CPLUSPLUSFLAGS = (
					"-D__MACOSX_CORE__",
					"-lpthread",
					"-mtune=native",
				);
				OTHER_LDFLAGS = (
					"$(OF_CORE_LIBS)",
					../../addons/ofxOpenCv/libs/opencv/lib/osx/opencv.a,
					../../addons/ofxOAuth/libs/libcurl/lib/osx/libcurl.a,
					../../addons/ofxOAuth/libs/liboauth/lib/osx/liboauth.a,
				);
				SDKROOT = macosx;
			};
			name = Debug;
		};
		E4B69B4F0A3A1720003C02F2 /* Release */ = {
			isa = XCBuildConfiguration;
			baseConfigurationReference = E4EB6923138AFD0F00A09F29 /* Project.xcconfig */;
			buildSettings = {
				ARCHS = "$(NATIVE_ARCH)";
				CONFIGURATION_BUILD_DIR = "$(SRCROOT)/bin/";
				COPY_PHASE_STRIP = YES;
				DEAD_CODE_STRIPPING = YES;
				GCC_AUTO_VECTORIZATION = YES;
				GCC_ENABLE_SSE3_EXTENSIONS = YES;
				GCC_ENABLE_SUPPLEMENTAL_SSE3_INSTRUCTIONS = YES;
				GCC_INLINES_ARE_PRIVATE_EXTERN = NO;
				GCC_OPTIMIZATION_LEVEL = 3;
				GCC_SYMBOLS_PRIVATE_EXTERN = NO;
				GCC_UNROLL_LOOPS = YES;
				GCC_WARN_ABOUT_DEPRECATED_FUNCTIONS = YES;
				GCC_WARN_ABOUT_INVALID_OFFSETOF_MACRO = NO;
				GCC_WARN_ALLOW_INCOMPLETE_PROTOCOL = NO;
				GCC_WARN_UNINITIALIZED_AUTOS = NO;
				GCC_WARN_UNUSED_VALUE = NO;
				GCC_WARN_UNUSED_VARIABLE = NO;
				HEADER_SEARCH_PATHS = (
					"$(OF_CORE_HEADERS)",
					../../addons/ofxOpenCv/libs,
					../../addons/ofxOpenCv/libs/opencv,
					../../addons/ofxOpenCv/libs/opencv/include,
					../../addons/ofxOpenCv/libs/opencv/include/opencv,
					../../addons/ofxOpenCv/libs/opencv/include/opencv2,
					../../addons/ofxOpenCv/libs/opencv/include/opencv2/calib3d,
					../../addons/ofxOpenCv/libs/opencv/include/opencv2/contrib,
					../../addons/ofxOpenCv/libs/opencv/include/opencv2/core,
					../../addons/ofxOpenCv/libs/opencv/include/opencv2/features2d,
					../../addons/ofxOpenCv/libs/opencv/include/opencv2/flann,
					../../addons/ofxOpenCv/libs/opencv/include/opencv2/gpu,
					../../addons/ofxOpenCv/libs/opencv/include/opencv2/highgui,
					../../addons/ofxOpenCv/libs/opencv/include/opencv2/imgproc,
					../../addons/ofxOpenCv/libs/opencv/include/opencv2/legacy,
					../../addons/ofxOpenCv/libs/opencv/include/opencv2/ml,
					../../addons/ofxOpenCv/libs/opencv/include/opencv2/objdetect,
					../../addons/ofxOpenCv/libs/opencv/include/opencv2/ts,
					../../addons/ofxOpenCv/libs/opencv/include/opencv2/video,
					../../addons/ofxOpenCv/libs/opencv/lib,
					../../addons/ofxOpenCv/libs/opencv/lib/osx,
					../../addons/ofxOpenCv/src,
					../../addons/ofxXmlSettings/libs,
					../../addons/ofxXmlSettings/src,
					../../addons/ofxJSON/libs,
					../../addons/ofxJSON/libs/jsoncpp,
					../../addons/ofxJSON/libs/jsoncpp/include,
					../../addons/ofxJSON/libs/jsoncpp/include/json,
					../../addons/ofxJSON/libs/jsoncpp/src,
					../../addons/ofxJSON/src,
					../../addons/ofxOAuth/libs,
					../../addons/ofxOAuth/libs/libcurl,
					../../addons/ofxOAuth/libs/libcurl/include,
					../../addons/ofxOAuth/libs/libcurl/include/curl,
					../../addons/ofxOAuth/libs/libcurl/lib,
					../../addons/ofxOAuth/libs/libcurl/lib/osx,
					../../addons/ofxOAuth/libs/liboauth,
					../../addons/ofxOAuth/libs/liboauth/include,
					../../addons/ofxOAuth/libs/liboauth/lib,
					../../addons/ofxOAuth/libs/liboauth/lib/linuxarmv6l,
					../../addons/ofxOAuth/libs/liboauth/lib/osx,
					../../addons/ofxOAuth/src,
					../../addons/ofxTwitter/libs,
					../../addons/ofxTwitter/src,
				);
				MACOSX_DEPLOYMENT_TARGET = 10.6;
				OTHER_CPLUSPLUSFLAGS = (
					"-D__MACOSX_CORE__",
					"-lpthread",
					"-mtune=native",
				);
				OTHER_LDFLAGS = (
					"$(OF_CORE_LIBS)",
					../../addons/ofxOpenCv/libs/opencv/lib/osx/opencv.a,
					../../addons/ofxOAuth/libs/libcurl/lib/osx/libcurl.a,
					../../addons/ofxOAuth/libs/liboauth/lib/osx/liboauth.a,
				);
				SDKROOT = macosx;
			};
			name = Release;
		};
		E4B69B600A3A1757003C02F2 /* Debug */ = {
			isa = XCBuildConfiguration;
			buildSettings = {
				COMBINE_HIDPI_IMAGES = YES;
				COPY_PHASE_STRIP = NO;
				FRAMEWORK_SEARCH_PATHS = (
					"$(inherited)",
					"$(FRAMEWORK_SEARCH_PATHS_QUOTED_FOR_TARGET_1)",
				);
				FRAMEWORK_SEARCH_PATHS_QUOTED_FOR_TARGET_1 = "\"$(SRCROOT)/../../libs/glut/lib/osx\"";
				GCC_DYNAMIC_NO_PIC = NO;
				GCC_GENERATE_DEBUGGING_SYMBOLS = YES;
				GCC_MODEL_TUNING = NONE;
				ICON = "$(ICON_NAME_DEBUG)";
				ICON_FILE = "$(ICON_FILE_PATH)$(ICON)";
				INFOPLIST_FILE = "openFrameworks-Info.plist";
				INSTALL_PATH = "$(HOME)/Applications";
				LIBRARY_SEARCH_PATHS = (
					"$(inherited)",
					"$(LIBRARY_SEARCH_PATHS_QUOTED_FOR_TARGET_1)",
					"$(LIBRARY_SEARCH_PATHS_QUOTED_FOR_TARGET_2)",
					"$(LIBRARY_SEARCH_PATHS_QUOTED_FOR_TARGET_3)",
					"$(LIBRARY_SEARCH_PATHS_QUOTED_FOR_TARGET_4)",
					"$(LIBRARY_SEARCH_PATHS_QUOTED_FOR_TARGET_5)",
					"$(LIBRARY_SEARCH_PATHS_QUOTED_FOR_TARGET_6)",
					"$(LIBRARY_SEARCH_PATHS_QUOTED_FOR_TARGET_7)",
					"$(LIBRARY_SEARCH_PATHS_QUOTED_FOR_TARGET_8)",
					"$(LIBRARY_SEARCH_PATHS_QUOTED_FOR_TARGET_9)",
					"$(LIBRARY_SEARCH_PATHS_QUOTED_FOR_TARGET_10)",
					"$(LIBRARY_SEARCH_PATHS_QUOTED_FOR_TARGET_11)",
					"$(LIBRARY_SEARCH_PATHS_QUOTED_FOR_TARGET_12)",
					"$(LIBRARY_SEARCH_PATHS_QUOTED_FOR_TARGET_13)",
					"$(LIBRARY_SEARCH_PATHS_QUOTED_FOR_TARGET_14)",
					"$(LIBRARY_SEARCH_PATHS_QUOTED_FOR_TARGET_15)",
					"$(LIBRARY_SEARCH_PATHS_QUOTED_FOR_TARGET_2)",
					"$(LIBRARY_SEARCH_PATHS_QUOTED_FOR_TARGET_3)",
					"$(LIBRARY_SEARCH_PATHS_QUOTED_FOR_TARGET_7)",
					"$(LIBRARY_SEARCH_PATHS_QUOTED_FOR_TARGET_8)",
					"$(LIBRARY_SEARCH_PATHS_QUOTED_FOR_TARGET_9)",
					"$(LIBRARY_SEARCH_PATHS_QUOTED_FOR_TARGET_10)",
					"$(LIBRARY_SEARCH_PATHS_QUOTED_FOR_TARGET_11)",
					"$(LIBRARY_SEARCH_PATHS_QUOTED_FOR_TARGET_12)",
					"$(LIBRARY_SEARCH_PATHS_QUOTED_FOR_TARGET_13)",
					"$(LIBRARY_SEARCH_PATHS_QUOTED_FOR_TARGET_16)",
					"$(LIBRARY_SEARCH_PATHS_QUOTED_FOR_TARGET_17)",
					"$(LIBRARY_SEARCH_PATHS_QUOTED_FOR_TARGET_18)",
					"$(LIBRARY_SEARCH_PATHS_QUOTED_FOR_TARGET_19)",
					"$(LIBRARY_SEARCH_PATHS_QUOTED_FOR_TARGET_20)",
					"$(LIBRARY_SEARCH_PATHS_QUOTED_FOR_TARGET_21)",
					"$(LIBRARY_SEARCH_PATHS_QUOTED_FOR_TARGET_22)",
					"$(LIBRARY_SEARCH_PATHS_QUOTED_FOR_TARGET_23)",
					"$(LIBRARY_SEARCH_PATHS_QUOTED_FOR_TARGET_24)",
					"$(LIBRARY_SEARCH_PATHS_QUOTED_FOR_TARGET_25)",
					"$(LIBRARY_SEARCH_PATHS_QUOTED_FOR_TARGET_26)",
					"$(LIBRARY_SEARCH_PATHS_QUOTED_FOR_TARGET_27)",
					"$(LIBRARY_SEARCH_PATHS_QUOTED_FOR_TARGET_28)",
					"$(LIBRARY_SEARCH_PATHS_QUOTED_FOR_TARGET_29)",
					"$(LIBRARY_SEARCH_PATHS_QUOTED_FOR_TARGET_30)",
					"$(LIBRARY_SEARCH_PATHS_QUOTED_FOR_TARGET_31)",
					"$(LIBRARY_SEARCH_PATHS_QUOTED_FOR_TARGET_32)",
					"$(LIBRARY_SEARCH_PATHS_QUOTED_FOR_TARGET_33)",
					"$(LIBRARY_SEARCH_PATHS_QUOTED_FOR_TARGET_34)",
					"$(LIBRARY_SEARCH_PATHS_QUOTED_FOR_TARGET_35)",
					"$(LIBRARY_SEARCH_PATHS_QUOTED_FOR_TARGET_36)",
					"$(LIBRARY_SEARCH_PATHS_QUOTED_FOR_TARGET_37)",
					"$(LIBRARY_SEARCH_PATHS_QUOTED_FOR_TARGET_38)",
					"$(LIBRARY_SEARCH_PATHS_QUOTED_FOR_TARGET_39)",
					"$(LIBRARY_SEARCH_PATHS_QUOTED_FOR_TARGET_40)",
					"$(LIBRARY_SEARCH_PATHS_QUOTED_FOR_TARGET_41)",
					"$(LIBRARY_SEARCH_PATHS_QUOTED_FOR_TARGET_42)",
					"$(LIBRARY_SEARCH_PATHS_QUOTED_FOR_TARGET_43)",
					"$(LIBRARY_SEARCH_PATHS_QUOTED_FOR_TARGET_44)",
					"$(LIBRARY_SEARCH_PATHS_QUOTED_FOR_TARGET_45)",
					"$(LIBRARY_SEARCH_PATHS_QUOTED_FOR_TARGET_46)",
					"$(LIBRARY_SEARCH_PATHS_QUOTED_FOR_TARGET_47)",
					"$(LIBRARY_SEARCH_PATHS_QUOTED_FOR_TARGET_48)",
					"$(LIBRARY_SEARCH_PATHS_QUOTED_FOR_TARGET_49)",
					"$(LIBRARY_SEARCH_PATHS_QUOTED_FOR_TARGET_50)",
					"$(LIBRARY_SEARCH_PATHS_QUOTED_FOR_TARGET_51)",
					"$(LIBRARY_SEARCH_PATHS_QUOTED_FOR_TARGET_52)",
				);
				PRODUCT_NAME = "$(TARGET_NAME)Debug";
				WRAPPER_EXTENSION = app;
			};
			name = Debug;
		};
		E4B69B610A3A1757003C02F2 /* Release */ = {
			isa = XCBuildConfiguration;
			buildSettings = {
				COMBINE_HIDPI_IMAGES = YES;
				COPY_PHASE_STRIP = YES;
				FRAMEWORK_SEARCH_PATHS = (
					"$(inherited)",
					"$(FRAMEWORK_SEARCH_PATHS_QUOTED_FOR_TARGET_1)",
				);
				FRAMEWORK_SEARCH_PATHS_QUOTED_FOR_TARGET_1 = "\"$(SRCROOT)/../../libs/glut/lib/osx\"";
				GCC_GENERATE_DEBUGGING_SYMBOLS = YES;
				GCC_MODEL_TUNING = NONE;
				ICON = "$(ICON_NAME_RELEASE)";
				ICON_FILE = "$(ICON_FILE_PATH)$(ICON)";
				INFOPLIST_FILE = "openFrameworks-Info.plist";
				INSTALL_PATH = "$(HOME)/Applications";
				LIBRARY_SEARCH_PATHS = (
					"$(inherited)",
					"$(LIBRARY_SEARCH_PATHS_QUOTED_FOR_TARGET_1)",
					"$(LIBRARY_SEARCH_PATHS_QUOTED_FOR_TARGET_2)",
					"$(LIBRARY_SEARCH_PATHS_QUOTED_FOR_TARGET_3)",
					"$(LIBRARY_SEARCH_PATHS_QUOTED_FOR_TARGET_4)",
					"$(LIBRARY_SEARCH_PATHS_QUOTED_FOR_TARGET_5)",
					"$(LIBRARY_SEARCH_PATHS_QUOTED_FOR_TARGET_6)",
					"$(LIBRARY_SEARCH_PATHS_QUOTED_FOR_TARGET_7)",
					"$(LIBRARY_SEARCH_PATHS_QUOTED_FOR_TARGET_8)",
					"$(LIBRARY_SEARCH_PATHS_QUOTED_FOR_TARGET_9)",
					"$(LIBRARY_SEARCH_PATHS_QUOTED_FOR_TARGET_10)",
					"$(LIBRARY_SEARCH_PATHS_QUOTED_FOR_TARGET_11)",
					"$(LIBRARY_SEARCH_PATHS_QUOTED_FOR_TARGET_12)",
					"$(LIBRARY_SEARCH_PATHS_QUOTED_FOR_TARGET_13)",
					"$(LIBRARY_SEARCH_PATHS_QUOTED_FOR_TARGET_14)",
					"$(LIBRARY_SEARCH_PATHS_QUOTED_FOR_TARGET_15)",
					"$(LIBRARY_SEARCH_PATHS_QUOTED_FOR_TARGET_2)",
					"$(LIBRARY_SEARCH_PATHS_QUOTED_1)",
					"$(LIBRARY_SEARCH_PATHS_QUOTED_FOR_TARGET_3)",
					"$(LIBRARY_SEARCH_PATHS_QUOTED_FOR_TARGET_7)",
					"$(LIBRARY_SEARCH_PATHS_QUOTED_FOR_TARGET_8)",
					"$(LIBRARY_SEARCH_PATHS_QUOTED_FOR_TARGET_9)",
					"$(LIBRARY_SEARCH_PATHS_QUOTED_FOR_TARGET_10)",
					"$(LIBRARY_SEARCH_PATHS_QUOTED_FOR_TARGET_11)",
					"$(LIBRARY_SEARCH_PATHS_QUOTED_FOR_TARGET_12)",
					"$(LIBRARY_SEARCH_PATHS_QUOTED_FOR_TARGET_13)",
					"$(LIBRARY_SEARCH_PATHS_QUOTED_FOR_TARGET_16)",
					"$(LIBRARY_SEARCH_PATHS_QUOTED_FOR_TARGET_17)",
					"$(LIBRARY_SEARCH_PATHS_QUOTED_FOR_TARGET_18)",
					"$(LIBRARY_SEARCH_PATHS_QUOTED_FOR_TARGET_19)",
					"$(LIBRARY_SEARCH_PATHS_QUOTED_FOR_TARGET_20)",
					"$(LIBRARY_SEARCH_PATHS_QUOTED_FOR_TARGET_21)",
					"$(LIBRARY_SEARCH_PATHS_QUOTED_FOR_TARGET_22)",
					"$(LIBRARY_SEARCH_PATHS_QUOTED_FOR_TARGET_23)",
					"$(LIBRARY_SEARCH_PATHS_QUOTED_FOR_TARGET_24)",
					"$(LIBRARY_SEARCH_PATHS_QUOTED_FOR_TARGET_25)",
					"$(LIBRARY_SEARCH_PATHS_QUOTED_FOR_TARGET_26)",
					"$(LIBRARY_SEARCH_PATHS_QUOTED_FOR_TARGET_27)",
					"$(LIBRARY_SEARCH_PATHS_QUOTED_FOR_TARGET_28)",
					"$(LIBRARY_SEARCH_PATHS_QUOTED_FOR_TARGET_29)",
					"$(LIBRARY_SEARCH_PATHS_QUOTED_FOR_TARGET_30)",
					"$(LIBRARY_SEARCH_PATHS_QUOTED_FOR_TARGET_31)",
					"$(LIBRARY_SEARCH_PATHS_QUOTED_FOR_TARGET_32)",
					"$(LIBRARY_SEARCH_PATHS_QUOTED_FOR_TARGET_33)",
					"$(LIBRARY_SEARCH_PATHS_QUOTED_FOR_TARGET_34)",
					"$(LIBRARY_SEARCH_PATHS_QUOTED_FOR_TARGET_35)",
					"$(LIBRARY_SEARCH_PATHS_QUOTED_FOR_TARGET_36)",
					"$(LIBRARY_SEARCH_PATHS_QUOTED_FOR_TARGET_37)",
					"$(LIBRARY_SEARCH_PATHS_QUOTED_FOR_TARGET_38)",
					"$(LIBRARY_SEARCH_PATHS_QUOTED_FOR_TARGET_39)",
					"$(LIBRARY_SEARCH_PATHS_QUOTED_FOR_TARGET_40)",
					"$(LIBRARY_SEARCH_PATHS_QUOTED_FOR_TARGET_41)",
					"$(LIBRARY_SEARCH_PATHS_QUOTED_FOR_TARGET_42)",
					"$(LIBRARY_SEARCH_PATHS_QUOTED_FOR_TARGET_43)",
					"$(LIBRARY_SEARCH_PATHS_QUOTED_FOR_TARGET_44)",
					"$(LIBRARY_SEARCH_PATHS_QUOTED_FOR_TARGET_45)",
					"$(LIBRARY_SEARCH_PATHS_QUOTED_FOR_TARGET_46)",
					"$(LIBRARY_SEARCH_PATHS_QUOTED_FOR_TARGET_47)",
					"$(LIBRARY_SEARCH_PATHS_QUOTED_FOR_TARGET_48)",
					"$(LIBRARY_SEARCH_PATHS_QUOTED_FOR_TARGET_49)",
					"$(LIBRARY_SEARCH_PATHS_QUOTED_FOR_TARGET_50)",
					"$(LIBRARY_SEARCH_PATHS_QUOTED_FOR_TARGET_51)",
				);
				PRODUCT_NAME = "$(TARGET_NAME)";
				WRAPPER_EXTENSION = app;
			};
			name = Release;
		};
/* End XCBuildConfiguration section */

/* Begin XCConfigurationList section */
		E4B69B4D0A3A1720003C02F2 /* Build configuration list for PBXProject "AirDraw" */ = {
			isa = XCConfigurationList;
			buildConfigurations = (
				E4B69B4E0A3A1720003C02F2 /* Debug */,
				E4B69B4F0A3A1720003C02F2 /* Release */,
			);
			defaultConfigurationIsVisible = 0;
			defaultConfigurationName = Release;
		};
		E4B69B5F0A3A1757003C02F2 /* Build configuration list for PBXNativeTarget "AirDraw" */ = {
			isa = XCConfigurationList;
			buildConfigurations = (
				E4B69B600A3A1757003C02F2 /* Debug */,
				E4B69B610A3A1757003C02F2 /* Release */,
			);
			defaultConfigurationIsVisible = 0;
			defaultConfigurationName = Release;
		};
/* End XCConfigurationList section */
	};
	rootObject = E4B69B4C0A3A1720003C02F2 /* Project object */;
}
